<?xml version="1.0" encoding="utf-8"?>
<Project ToolsVersion="4.0" xmlns="http://schemas.microsoft.com/developer/msbuild/2003">
  <ItemGroup>
    <Filter Include="Source Files">
      <UniqueIdentifier>{6c3e3c0f-817d-41cf-bfe0-06c70bb49484}</UniqueIdentifier>
      <Extensions>cpp;c;cxx;rc;def;r;odl;idl;hpj;bat</Extensions>
    </Filter>
    <Filter Include="Source Files\Header Files">
      <UniqueIdentifier>{0da1a458-7bfd-4114-96c3-b4c772cfb9ba}</UniqueIdentifier>
      <Extensions>h;hpp;hxx;hm;inl</Extensions>
    </Filter>
    <Filter Include="Resource Files">
      <UniqueIdentifier>{adb6ae05-9b32-4920-b95b-7d614b520769}</UniqueIdentifier>
      <Extensions>ico;cur;bmp;dlg;rc2;rct;bin;rgs;gif;jpg;jpeg;jpe</Extensions>
    </Filter>
    <Filter Include="OpenEditor">
      <UniqueIdentifier>{3b96b8b4-b5dd-4079-a672-9b668d0db84b}</UniqueIdentifier>
      <Extensions>*.cpp</Extensions>
    </Filter>
    <Filter Include="OpenEditor\OpenEditor Headers">
      <UniqueIdentifier>{8e4f6df5-72da-456c-ac5a-5f1ea4aad789}</UniqueIdentifier>
      <Extensions>*.h</Extensions>
    </Filter>
    <Filter Include="Common">
      <UniqueIdentifier>{f96c77fd-fa7b-4cc3-b323-e1b91e30d55b}</UniqueIdentifier>
      <Extensions>*.cpp</Extensions>
    </Filter>
    <Filter Include="Common\Common headers">
      <UniqueIdentifier>{6437e439-8e02-45fb-9e62-a64861fbc1c7}</UniqueIdentifier>
      <Extensions>*.h</Extensions>
    </Filter>
    <Filter Include="Dialogs">
      <UniqueIdentifier>{7cb35576-8f0f-4ad0-a3ad-8e3f3395dd12}</UniqueIdentifier>
      <Extensions>*.cpp</Extensions>
    </Filter>
    <Filter Include="Dialogs\Dialog headers">
      <UniqueIdentifier>{3cb79664-3ee8-4ab0-ac48-dae630e28a49}</UniqueIdentifier>
      <Extensions>*.h</Extensions>
    </Filter>
    <Filter Include="GridControl">
      <UniqueIdentifier>{31b0468d-50d8-4569-81da-99dfc353ed8f}</UniqueIdentifier>
      <Extensions>*.cpp</Extensions>
    </Filter>
    <Filter Include="GridControl\GridControl Headers">
      <UniqueIdentifier>{44ab7499-df90-45fd-bd6b-0c74496a8c5b}</UniqueIdentifier>
      <Extensions>*.h</Extensions>
    </Filter>
    <Filter Include="Query">
      <UniqueIdentifier>{8b2c84ed-b72a-4fae-9c9e-c4eec6cc3a02}</UniqueIdentifier>
      <Extensions>*.cpp</Extensions>
    </Filter>
    <Filter Include="Query\Query Headers">
      <UniqueIdentifier>{b594fb3b-4106-43f9-a7d0-d3d295467407}</UniqueIdentifier>
      <Extensions>*.h</Extensions>
    </Filter>
    <Filter Include="Database">
      <UniqueIdentifier>{d76218b6-fd3d-47c8-8a8d-b204086e3478}</UniqueIdentifier>
    </Filter>
    <Filter Include="Database\Headers">
      <UniqueIdentifier>{01ae27b9-9bd7-4605-9f3f-8a91a946b463}</UniqueIdentifier>
    </Filter>
    <Filter Include="Frame">
      <UniqueIdentifier>{31196b22-5226-4efc-aad3-ada66d192f8e}</UniqueIdentifier>
      <Extensions>*.cpp</Extensions>
    </Filter>
    <Filter Include="Frame\Frame headers">
      <UniqueIdentifier>{88bd0d26-7ccd-418e-970c-3e71083fea57}</UniqueIdentifier>
      <Extensions>*.h</Extensions>
    </Filter>
    <Filter Include="Data">
      <UniqueIdentifier>{3fa1e3e1-4d42-401e-bb0f-decf75837262}</UniqueIdentifier>
      <Extensions>*.dat</Extensions>
    </Filter>
    <Filter Include="Keymap files">
      <UniqueIdentifier>{b5eb9593-a189-44f3-a80c-495e332ca636}</UniqueIdentifier>
      <Extensions>*.keymap</Extensions>
    </Filter>
    <Filter Include="Installation files">
      <UniqueIdentifier>{c302bd92-9453-499c-b442-5f98ffeeb8d0}</UniqueIdentifier>
      <Extensions>txt</Extensions>
    </Filter>
  </ItemGroup>
  <ItemGroup>
    <ClCompile Include="Src\AboutDlg.cpp">
      <Filter>Source Files</Filter>
    </ClCompile>
    <ClCompile Include="Src\ConnectionDlg.cpp">
      <Filter>Source Files</Filter>
    </ClCompile>
    <ClCompile Include="Src\MultConnectionsDlg.cpp">
      <Filter>Source Files</Filter>
    </ClCompile>
    <ClCompile Include="Src\OpenEditorApp.cpp">
      <Filter>Source Files</Filter>
    </ClCompile>
    <ClCompile Include="Src\StdAfx.cpp">
      <Filter>Source Files</Filter>
    </ClCompile>
    <ClCompile Include="SRC\OpenEditor\OEAutocompleteCtrl.cpp">
      <Filter>OpenEditor</Filter>
    </ClCompile>
    <ClCompile Include="SRC\OpenEditor\OECommonLanguageSupport.cpp">
      <Filter>OpenEditor</Filter>
    </ClCompile>
    <ClCompile Include="SRC\OpenEditor\OEContext_1.cpp">
      <Filter>OpenEditor</Filter>
    </ClCompile>
    <ClCompile Include="SRC\OpenEditor\OEContext_2.cpp">
      <Filter>OpenEditor</Filter>
    </ClCompile>
    <ClCompile Include="SRC\OpenEditor\OEContext_3.cpp">
      <Filter>OpenEditor</Filter>
    </ClCompile>
    <ClCompile Include="SRC\OpenEditor\OEContext_4.cpp">
      <Filter>OpenEditor</Filter>
    </ClCompile>
    <ClCompile Include="SRC\OpenEditor\OEContext_5.cpp">
      <Filter>OpenEditor</Filter>
    </ClCompile>
    <ClCompile Include="SRC\OpenEditor\OEDocument.cpp">
      <Filter>OpenEditor</Filter>
    </ClCompile>
    <ClCompile Include="SRC\OpenEditor\OEHelpers_1.cpp">
      <Filter>OpenEditor</Filter>
    </ClCompile>
    <ClCompile Include="SRC\OpenEditor\OEHelpers_2.cpp">
      <Filter>OpenEditor</Filter>
    </ClCompile>
    <ClCompile Include="SRC\OpenEditor\OEHelpers_3.cpp">
      <Filter>OpenEditor</Filter>
    </ClCompile>
    <ClCompile Include="SRC\OpenEditor\OEHighlighter.cpp">
      <Filter>OpenEditor</Filter>
    </ClCompile>
    <ClCompile Include="SRC\OpenEditor\OEHighlighter_1.cpp">
      <Filter>OpenEditor</Filter>
    </ClCompile>
    <ClCompile Include="SRC\OpenEditor\OEHighlighter_2.cpp">
      <Filter>OpenEditor</Filter>
    </ClCompile>
    <ClCompile Include="SRC\OpenEditor\OELanguage.cpp">
      <Filter>OpenEditor</Filter>
    </ClCompile>
    <ClCompile Include="SRC\OpenEditor\OELanguageManager.cpp">
      <Filter>OpenEditor</Filter>
    </ClCompile>
    <ClCompile Include="SRC\OpenEditor\OELanguageStreams.cpp">
      <Filter>OpenEditor</Filter>
    </ClCompile>
    <ClCompile Include="SRC\OpenEditor\OEMatchSearcher.cpp">
      <Filter>OpenEditor</Filter>
    </ClCompile>
    <ClCompile Include="SRC\OpenEditor\OEPlsSqlParser.cpp">
      <Filter>OpenEditor</Filter>
    </ClCompile>
    <ClCompile Include="SRC\OpenEditor\OEPlsSqlSupport.cpp">
      <Filter>OpenEditor</Filter>
    </ClCompile>
    <ClCompile Include="SRC\OpenEditor\OEPlsSqlSyntax.cpp">
      <Filter>OpenEditor</Filter>
    </ClCompile>
    <ClCompile Include="SRC\OpenEditor\OESettings.cpp">
      <Filter>OpenEditor</Filter>
    </ClCompile>
    <ClCompile Include="SRC\OpenEditor\OESettingsStreams.cpp">
      <Filter>OpenEditor</Filter>
    </ClCompile>
    <ClCompile Include="SRC\OpenEditor\OEStorage.cpp">
      <Filter>OpenEditor</Filter>
    </ClCompile>
    <ClCompile Include="SRC\OpenEditor\OEStreams.cpp">
      <Filter>OpenEditor</Filter>
    </ClCompile>
    <ClCompile Include="SRC\OpenEditor\OESyntaxParser.cpp">
      <Filter>OpenEditor</Filter>
    </ClCompile>
    <ClCompile Include="SRC\OpenEditor\OETemplates.cpp">
      <Filter>OpenEditor</Filter>
    </ClCompile>
    <ClCompile Include="SRC\OpenEditor\OETemplateStreams.cpp">
      <Filter>OpenEditor</Filter>
    </ClCompile>
    <ClCompile Include="SRC\OpenEditor\OEUndo.cpp">
      <Filter>OpenEditor</Filter>
    </ClCompile>
    <ClCompile Include="SRC\OpenEditor\OEView_1.cpp">
      <Filter>OpenEditor</Filter>
    </ClCompile>
    <ClCompile Include="SRC\OpenEditor\OEView_2.cpp">
      <Filter>OpenEditor</Filter>
    </ClCompile>
    <ClCompile Include="SRC\OpenEditor\OEView_3.cpp">
      <Filter>OpenEditor</Filter>
    </ClCompile>
    <ClCompile Include="SRC\OpenEditor\OEView_4.cpp">
      <Filter>OpenEditor</Filter>
    </ClCompile>
    <ClCompile Include="SRC\OpenEditor\OEView_5.cpp">
      <Filter>OpenEditor</Filter>
    </ClCompile>
    <ClCompile Include="SRC\OpenEditor\OEView_6.cpp">
      <Filter>OpenEditor</Filter>
    </ClCompile>
    <ClCompile Include="SRC\OpenEditor\OEView_7.cpp">
      <Filter>OpenEditor</Filter>
    </ClCompile>
    <ClCompile Include="SRC\OpenEditor\OEViewPaintAccessories.cpp">
      <Filter>OpenEditor</Filter>
    </ClCompile>
    <ClCompile Include="SRC\COMMON\AppGlobal.cpp">
      <Filter>Common</Filter>
    </ClCompile>
    <ClCompile Include="SRC\COMMON\AppUtilities.cpp">
      <Filter>Common</Filter>
    </ClCompile>
    <ClCompile Include="Src\Common\arg_shared.cpp">
      <Filter>Common</Filter>
    </ClCompile>
    <ClCompile Include="SRC\COMMON\DirSelectDlg.cpp">
      <Filter>Common</Filter>
    </ClCompile>
    <ClCompile Include="SRC\COMMON\EditWithSelPos.cpp">
      <Filter>Common</Filter>
    </ClCompile>
    <ClCompile Include="SRC\COMMON\ExceptionHelper.cpp">
      <Filter>Common</Filter>
    </ClCompile>
    <ClCompile Include="Src\Common\FileSelectDialog.cpp">
      <Filter>Common</Filter>
    </ClCompile>
    <ClCompile Include="SRC\COMMON\FixedString.cpp">
      <Filter>Common</Filter>
    </ClCompile>
    <ClCompile Include="SRC\COMMON\GUICommandDictionary.cpp">
      <Filter>Common</Filter>
    </ClCompile>
    <ClCompile Include="SRC\COMMON\MemoryMappedFile.cpp">
      <Filter>Common</Filter>
    </ClCompile>
    <ClCompile Include="SRC\COMMON\PropertySheetMem.cpp">
      <Filter>Common</Filter>
    </ClCompile>
    <ClCompile Include="SRC\COMMON\QuickArray.cpp">
      <Filter>Common</Filter>
    </ClCompile>
    <ClCompile Include="Src\Common\regexp.cpp">
      <Filter>Common</Filter>
    </ClCompile>
    <ClCompile Include="SRC\COMMON\StrHelpers.cpp">
      <Filter>Common</Filter>
    </ClCompile>
    <ClCompile Include="SRC\COMMON\VisualAttributes.cpp">
      <Filter>Common</Filter>
    </ClCompile>
    <ClCompile Include="SRC\COMMON\VisualAttributesPage.cpp">
      <Filter>Common</Filter>
    </ClCompile>
    <ClCompile Include="Src\Common\WideMessageBox.cpp">
      <Filter>Common</Filter>
    </ClCompile>
    <ClCompile Include="SRC\OpenEditor\OEBackupPage.cpp">
      <Filter>Dialogs</Filter>
    </ClCompile>
    <ClCompile Include="SRC\OpenEditor\OEBlockPage.cpp">
      <Filter>Dialogs</Filter>
    </ClCompile>
    <ClCompile Include="SRC\OpenEditor\OEClassPage.cpp">
      <Filter>Dialogs</Filter>
    </ClCompile>
    <ClCompile Include="SRC\OpenEditor\OEEditingPage.cpp">
      <Filter>Dialogs</Filter>
    </ClCompile>
    <ClCompile Include="SRC\OpenEditor\OEFileInfoDlg.cpp">
      <Filter>Dialogs</Filter>
    </ClCompile>
    <ClCompile Include="SRC\OpenEditor\OEFilePage.cpp">
      <Filter>Dialogs</Filter>
    </ClCompile>
    <ClCompile Include="Src\OpenEditor\OEFindFiles.cpp">
      <Filter>Dialogs</Filter>
    </ClCompile>
    <ClCompile Include="SRC\OpenEditor\OEFindReplaceDlg.cpp">
      <Filter>Dialogs</Filter>
    </ClCompile>
    <ClCompile Include="SRC\OpenEditor\OEGeneralPage.cpp">
      <Filter>Dialogs</Filter>
    </ClCompile>
    <ClCompile Include="SRC\OpenEditor\OEGoToDialog.cpp">
      <Filter>Dialogs</Filter>
    </ClCompile>
    <ClCompile Include="SRC\OpenEditor\OEPrintPageSetup.cpp">
      <Filter>Dialogs</Filter>
    </ClCompile>
    <ClCompile Include="SRC\OpenEditor\OEPropPage.cpp">
      <Filter>Dialogs</Filter>
    </ClCompile>
    <ClCompile Include="SRC\OpenEditor\OESaveModifiedDlg.cpp">
      <Filter>Dialogs</Filter>
    </ClCompile>
    <ClCompile Include="Src\OpenEditor\OESQLSettingsPage.cpp">
      <Filter>Dialogs</Filter>
    </ClCompile>
    <ClCompile Include="SRC\OpenEditor\OETemplatesDlg.cpp">
      <Filter>Dialogs</Filter>
    </ClCompile>
    <ClCompile Include="SRC\OpenEditor\OETemplatesPage.cpp">
      <Filter>Dialogs</Filter>
    </ClCompile>
    <ClCompile Include="Src\GridControl\GridCell.cpp">
      <Filter>GridControl</Filter>
    </ClCompile>
    <ClCompile Include="Src\GridControl\GridCellBase.cpp">
      <Filter>GridControl</Filter>
    </ClCompile>
    <ClCompile Include="Src\GridControl\GridCtrl.cpp">
      <Filter>GridControl</Filter>
    </ClCompile>
    <ClCompile Include="Src\GridControl\GridDropTarget.cpp">
      <Filter>GridControl</Filter>
    </ClCompile>
    <ClCompile Include="Src\GridControl\InPlaceEdit.cpp">
      <Filter>GridControl</Filter>
    </ClCompile>
    <ClCompile Include="Src\GridControl\TitleTip.cpp">
      <Filter>GridControl</Filter>
    </ClCompile>
    <ClCompile Include="Src\Query\GridView.cpp">
      <Filter>Query</Filter>
    </ClCompile>
    <ClCompile Include="Src\Query\QueryBar.cpp">
      <Filter>Query</Filter>
    </ClCompile>
    <ClCompile Include="Src\Query\QueryPanelWnd.cpp">
      <Filter>Query</Filter>
    </ClCompile>
    <ClCompile Include="Src\Frame\ChildFrm.cpp">
      <Filter>Frame</Filter>
    </ClCompile>
    <ClCompile Include="Src\Frame\ConnectionBar.cpp">
      <Filter>Frame</Filter>
    </ClCompile>
    <ClCompile Include="Src\Frame\DirTreeCtrl.cpp">
      <Filter>Frame</Filter>
    </ClCompile>
    <ClCompile Include="SRC\COMMON\DocManagerExt.cpp">
      <Filter>Frame</Filter>
    </ClCompile>
    <ClCompile Include="SRC\COMMON\FakeRClick.cpp">
      <Filter>Frame</Filter>
    </ClCompile>
    <ClCompile Include="SRC\COMMON\FilePanelWnd.cpp">
      <Filter>Frame</Filter>
    </ClCompile>
    <ClCompile Include="Src\Frame\FileWatch.cpp">
      <Filter>Frame</Filter>
    </ClCompile>
    <ClCompile Include="Src\Frame\MainFrm.cpp">
      <Filter>Frame</Filter>
    </ClCompile>
    <ClCompile Include="Src\Frame\scbarcf.cpp">
      <Filter>Frame</Filter>
    </ClCompile>
    <ClCompile Include="Src\Frame\scbarg.cpp">
      <Filter>Frame</Filter>
    </ClCompile>
    <ClCompile Include="Src\Frame\sizecbar.cpp">
      <Filter>Frame</Filter>
    </ClCompile>
    <ClCompile Include="Src\Frame\SortStringArray.cpp">
      <Filter>Frame</Filter>
    </ClCompile>
    <ClCompile Include="Src\Frame\WinException.cpp">
      <Filter>Frame</Filter>
    </ClCompile>
    <ClCompile Include="SRC\COMMON\WorkbookBar.cpp">
      <Filter>Frame</Filter>
    </ClCompile>
    <ClCompile Include="SRC\COMMON\WorkbookMDIFrame.cpp">
      <Filter>Frame</Filter>
    </ClCompile>
    <ClCompile Include="Src\Database\SQLAssociation.cpp">
      <Filter>Database</Filter>
    </ClCompile>
    <ClCompile Include="Src\Database\SQLColumnInfo.cpp">
      <Filter>Database</Filter>
    </ClCompile>
    <ClCompile Include="Src\Database\SQLDatabase.cpp">
      <Filter>Database</Filter>
    </ClCompile>
    <ClCompile Include="Src\Database\SQLDataSet.cpp">
      <Filter>Database</Filter>
    </ClCompile>
    <ClCompile Include="Src\Database\SQLDate.cpp">
      <Filter>Database</Filter>
    </ClCompile>
    <ClCompile Include="Src\Database\SQLError.cpp">
      <Filter>Database</Filter>
    </ClCompile>
    <ClCompile Include="Src\Database\SQLInfo.cpp">
      <Filter>Database</Filter>
    </ClCompile>
    <ClCompile Include="Src\Database\SQLInfoAccess.cpp">
      <Filter>Database</Filter>
    </ClCompile>
    <ClCompile Include="Src\Database\SQLInfoDB.cpp">
      <Filter>Database</Filter>
    </ClCompile>
    <ClCompile Include="Src\Database\SQLInfoFirebird.cpp">
      <Filter>Database</Filter>
    </ClCompile>
    <ClCompile Include="Src\Database\SQLInfoGenericODBC.cpp">
      <Filter>Database</Filter>
    </ClCompile>
    <ClCompile Include="Src\Database\SQLInfoInformix.cpp">
      <Filter>Database</Filter>
    </ClCompile>
    <ClCompile Include="Src\Database\SQLInfoOracle.cpp">
      <Filter>Database</Filter>
    </ClCompile>
    <ClCompile Include="Src\Database\SQLInfoPostgreSQL.cpp">
      <Filter>Database</Filter>
    </ClCompile>
    <ClCompile Include="Src\Database\SQLInfoSQLServer.cpp">
      <Filter>Database</Filter>
    </ClCompile>
    <ClCompile Include="Src\Database\SQLInfoTree.cpp">
      <Filter>Database</Filter>
    </ClCompile>
    <ClCompile Include="Src\Database\SQLLanguage.cpp">
      <Filter>Database</Filter>
    </ClCompile>
    <ClCompile Include="Src\Database\SQLMutation.cpp">
      <Filter>Database</Filter>
    </ClCompile>
    <ClCompile Include="Src\Database\SQLQuery.cpp">
      <Filter>Database</Filter>
    </ClCompile>
    <ClCompile Include="Src\Database\SQLRecord.cpp">
      <Filter>Database</Filter>
    </ClCompile>
    <ClCompile Include="Src\Database\SQLStatement.cpp">
      <Filter>Database</Filter>
    </ClCompile>
    <ClCompile Include="Src\Database\SQLTime.cpp">
      <Filter>Database</Filter>
    </ClCompile>
    <ClCompile Include="Src\Database\SQLTimestamp.cpp">
      <Filter>Database</Filter>
    </ClCompile>
    <ClCompile Include="Src\Database\SQLTransaction.cpp">
      <Filter>Database</Filter>
    </ClCompile>
    <ClCompile Include="Src\Database\SQLVariant.cpp">
      <Filter>Database</Filter>
    </ClCompile>
    <ClCompile Include="Src\Database\SQLVariantFormat.cpp">
      <Filter>Database</Filter>
    </ClCompile>
    <ClCompile Include="Src\Database\xml.cpp">
      <Filter>Database</Filter>
    </ClCompile>
    <ClCompile Include="Src\Database\xmlparser.cpp">
      <Filter>Database</Filter>
    </ClCompile>
    <ClCompile Include="Src\Query\Codeer.cpp">
      <Filter>Query</Filter>
    </ClCompile>
    <ClCompile Include="Src\Query\NativeSQLDlg.cpp">
      <Filter>Query</Filter>
    </ClCompile>
    <ClCompile Include="Src\Query\RebindDlg.cpp">
      <Filter>Query</Filter>
    </ClCompile>
    <ClCompile Include="Src\Query\VariablesDlg.cpp">
      <Filter>Query</Filter>
    </ClCompile>
    <ClCompile Include="Src\Database\SQLDataSetXLS.cpp">
      <Filter>Database</Filter>
    </ClCompile>
    <ClCompile Include="Src\Database\BasicExcel.cpp">
      <Filter>Database</Filter>
    </ClCompile>
    <ClCompile Include="Src\Database\ExcelFormat.cpp">
      <Filter>Database</Filter>
    </ClCompile>
    <ClCompile Include="Src\Database\BasicXmlExcel.cpp">
      <Filter>Database</Filter>
    </ClCompile>
    <ClCompile Include="Src\Database\GetLastErrorAsString.cpp">
      <Filter>Database</Filter>
    </ClCompile>
    <ClCompile Include="Src\Database\unzip.cpp">
      <Filter>Database</Filter>
    </ClCompile>
  </ItemGroup>
  <ItemGroup>
    <ClInclude Include="Src\AboutDlg.h">
      <Filter>Source Files\Header Files</Filter>
    </ClInclude>
    <ClInclude Include="Src\ConnectionDlg.h">
      <Filter>Source Files\Header Files</Filter>
    </ClInclude>
    <ClInclude Include="Src\MultConnectionsDlg.h">
      <Filter>Source Files\Header Files</Filter>
    </ClInclude>
    <ClInclude Include="Src\OpenEditorApp.h">
      <Filter>Source Files\Header Files</Filter>
    </ClInclude>
    <ClInclude Include="Src\resource.h">
      <Filter>Source Files\Header Files</Filter>
    </ClInclude>
    <ClInclude Include="Src\resource1.h">
      <Filter>Source Files\Header Files</Filter>
    </ClInclude>
    <ClInclude Include="Src\resource2.h">
      <Filter>Source Files\Header Files</Filter>
    </ClInclude>
    <ClInclude Include="Src\StdAfx.h">
      <Filter>Source Files\Header Files</Filter>
    </ClInclude>
    <ClInclude Include="Src\Include\OpenEditor\OEAutocompleteCtrl.h">
      <Filter>OpenEditor\OpenEditor Headers</Filter>
    </ClInclude>
    <ClInclude Include="Src\Include\OpenEditor\OEBackupPage.h">
      <Filter>OpenEditor\OpenEditor Headers</Filter>
    </ClInclude>
    <ClInclude Include="Src\Include\OpenEditor\OEBlockPage.h">
      <Filter>OpenEditor\OpenEditor Headers</Filter>
    </ClInclude>
    <ClInclude Include="Src\Include\OpenEditor\OEClassPage.h">
      <Filter>OpenEditor\OpenEditor Headers</Filter>
    </ClInclude>
    <ClInclude Include="Src\Include\OpenEditor\OECommonLanguageSupport.h">
      <Filter>OpenEditor\OpenEditor Headers</Filter>
    </ClInclude>
    <ClInclude Include="Src\Include\OpenEditor\OEContext.h">
      <Filter>OpenEditor\OpenEditor Headers</Filter>
    </ClInclude>
    <ClInclude Include="Src\Include\OpenEditor\OEDocument.h">
      <Filter>OpenEditor\OpenEditor Headers</Filter>
    </ClInclude>
    <ClInclude Include="Src\Include\OpenEditor\OEEditingPage.h">
      <Filter>OpenEditor\OpenEditor Headers</Filter>
    </ClInclude>
    <ClInclude Include="Src\Include\OpenEditor\OEFileInfoDlg.h">
      <Filter>OpenEditor\OpenEditor Headers</Filter>
    </ClInclude>
    <ClInclude Include="Src\Include\OpenEditor\OEFilePage.h">
      <Filter>OpenEditor\OpenEditor Headers</Filter>
    </ClInclude>
    <ClInclude Include="Src\Include\OpenEditor\OEFindFiles.h">
      <Filter>OpenEditor\OpenEditor Headers</Filter>
    </ClInclude>
    <ClInclude Include="Src\Include\OpenEditor\OEFindReplaceDlg.h">
      <Filter>OpenEditor\OpenEditor Headers</Filter>
    </ClInclude>
    <ClInclude Include="Src\Include\OpenEditor\OEGeneralPage.h">
      <Filter>OpenEditor\OpenEditor Headers</Filter>
    </ClInclude>
    <ClInclude Include="Src\Include\OpenEditor\OEGoToDialog.h">
      <Filter>OpenEditor\OpenEditor Headers</Filter>
    </ClInclude>
    <ClInclude Include="Src\Include\OpenEditor\OEHelpers.h">
      <Filter>OpenEditor\OpenEditor Headers</Filter>
    </ClInclude>
    <ClInclude Include="Src\Include\OpenEditor\OEHighlighter.h">
      <Filter>OpenEditor\OpenEditor Headers</Filter>
    </ClInclude>
    <ClInclude Include="Src\Include\OpenEditor\OELanguage.h">
      <Filter>OpenEditor\OpenEditor Headers</Filter>
    </ClInclude>
    <ClInclude Include="Src\Include\OpenEditor\OELanguageManager.h">
      <Filter>OpenEditor\OpenEditor Headers</Filter>
    </ClInclude>
    <ClInclude Include="Src\Include\OpenEditor\OELanguageStreams.h">
      <Filter>OpenEditor\OpenEditor Headers</Filter>
    </ClInclude>
    <ClInclude Include="Src\Include\OpenEditor\OELanguageSupport.h">
      <Filter>OpenEditor\OpenEditor Headers</Filter>
    </ClInclude>
    <ClInclude Include="Src\Include\OpenEditor\OEMatchSearcher.h">
      <Filter>OpenEditor\OpenEditor Headers</Filter>
    </ClInclude>
    <ClInclude Include="Src\Include\OpenEditor\OEPlsSqlParser.h">
      <Filter>OpenEditor\OpenEditor Headers</Filter>
    </ClInclude>
    <ClInclude Include="Src\Include\OpenEditor\OEPlsSqlSupport.h">
      <Filter>OpenEditor\OpenEditor Headers</Filter>
    </ClInclude>
    <ClInclude Include="Src\Include\OpenEditor\OEPlsSqlSyntax.h">
      <Filter>OpenEditor\OpenEditor Headers</Filter>
    </ClInclude>
    <ClInclude Include="Src\Include\OpenEditor\OEPrintPageSetup.h">
      <Filter>OpenEditor\OpenEditor Headers</Filter>
    </ClInclude>
    <ClInclude Include="Src\Include\OpenEditor\OEPropPage.h">
      <Filter>OpenEditor\OpenEditor Headers</Filter>
    </ClInclude>
    <ClInclude Include="Src\Include\OpenEditor\OESaveModifiedDlg.h">
      <Filter>OpenEditor\OpenEditor Headers</Filter>
    </ClInclude>
    <ClInclude Include="Src\Include\OpenEditor\OESettings.h">
      <Filter>OpenEditor\OpenEditor Headers</Filter>
    </ClInclude>
    <ClInclude Include="Src\Include\OpenEditor\OESettingsStreams.h">
      <Filter>OpenEditor\OpenEditor Headers</Filter>
    </ClInclude>
    <ClInclude Include="Src\Include\OpenEditor\OESQLSettingsPage.h">
      <Filter>OpenEditor\OpenEditor Headers</Filter>
    </ClInclude>
    <ClInclude Include="Src\Include\OpenEditor\OEStorage.h">
      <Filter>OpenEditor\OpenEditor Headers</Filter>
    </ClInclude>
    <ClInclude Include="Src\Include\OpenEditor\OEStreams.h">
      <Filter>OpenEditor\OpenEditor Headers</Filter>
    </ClInclude>
    <ClInclude Include="Src\Include\OpenEditor\OESyntaxParser.h">
      <Filter>OpenEditor\OpenEditor Headers</Filter>
    </ClInclude>
    <ClInclude Include="Src\Include\OpenEditor\OETemplates.h">
      <Filter>OpenEditor\OpenEditor Headers</Filter>
    </ClInclude>
    <ClInclude Include="Src\Include\OpenEditor\OETemplatesDlg.h">
      <Filter>OpenEditor\OpenEditor Headers</Filter>
    </ClInclude>
    <ClInclude Include="Src\Include\OpenEditor\OETemplatesPage.h">
      <Filter>OpenEditor\OpenEditor Headers</Filter>
    </ClInclude>
    <ClInclude Include="Src\Include\OpenEditor\OETemplateStreams.h">
      <Filter>OpenEditor\OpenEditor Headers</Filter>
    </ClInclude>
    <ClInclude Include="Src\Include\OpenEditor\OEUndo.h">
      <Filter>OpenEditor\OpenEditor Headers</Filter>
    </ClInclude>
    <ClInclude Include="Src\Include\OpenEditor\OEView.h">
      <Filter>OpenEditor\OpenEditor Headers</Filter>
    </ClInclude>
    <ClInclude Include="Src\Include\OpenEditor\OEViewPaintAccessories.h">
      <Filter>OpenEditor\OpenEditor Headers</Filter>
    </ClInclude>
    <ClInclude Include="Include\COMMON\AppGlobal.h">
      <Filter>Common\Common headers</Filter>
    </ClInclude>
    <ClInclude Include="Include\COMMON\AppUtilities.h">
      <Filter>Common\Common headers</Filter>
    </ClInclude>
    <ClInclude Include="Include\Common\arg_compiler.h">
      <Filter>Common\Common headers</Filter>
    </ClInclude>
    <ClInclude Include="include\common\arg_shared.h">
      <Filter>Common\Common headers</Filter>
    </ClInclude>
    <ClInclude Include="Include\COMMON\DirSelectDlg.h">
      <Filter>Common\Common headers</Filter>
    </ClInclude>
    <ClInclude Include="Include\COMMON\EditWithSelPos.h">
      <Filter>Common\Common headers</Filter>
    </ClInclude>
    <ClInclude Include="Include\COMMON\ExceptionHelper.h">
      <Filter>Common\Common headers</Filter>
    </ClInclude>
    <ClInclude Include="Include\COMMON\Fastmap.h">
      <Filter>Common\Common headers</Filter>
    </ClInclude>
    <ClInclude Include="Src\Common\FileSelectDialog.h">
      <Filter>Common\Common headers</Filter>
    </ClInclude>
    <ClInclude Include="Include\COMMON\FixedString.h">
      <Filter>Common\Common headers</Filter>
    </ClInclude>
    <ClInclude Include="Include\COMMON\FixedString.h.+iterator.h">
      <Filter>Common\Common headers</Filter>
    </ClInclude>
    <ClInclude Include="Include\COMMON\GUICommandDictionary.h">
      <Filter>Common\Common headers</Filter>
    </ClInclude>
    <ClInclude Include="Include\COMMON\MemoryMappedFile.h">
      <Filter>Common\Common headers</Filter>
    </ClInclude>
    <ClInclude Include="Include\COMMON\PropertySheetMem.h">
      <Filter>Common\Common headers</Filter>
    </ClInclude>
    <ClInclude Include="Include\COMMON\QuickArray.h">
      <Filter>Common\Common headers</Filter>
    </ClInclude>
    <ClInclude Include="Include\Common\regexp.h">
      <Filter>Common\Common headers</Filter>
    </ClInclude>
    <ClInclude Include="Include\COMMON\StrHelpers.h">
      <Filter>Common\Common headers</Filter>
    </ClInclude>
    <ClInclude Include="Include\COMMON\VisualAttributes.h">
      <Filter>Common\Common headers</Filter>
    </ClInclude>
    <ClInclude Include="Include\COMMON\VisualAttributesPage.h">
      <Filter>Common\Common headers</Filter>
    </ClInclude>
    <ClInclude Include="Src\Common\WideMessageBox.h">
      <Filter>Common\Common headers</Filter>
    </ClInclude>
    <ClInclude Include="Include\OpenEditor\OEBackupPage.h">
      <Filter>Dialogs\Dialog headers</Filter>
    </ClInclude>
    <ClInclude Include="Include\OpenEditor\OEBlockPage.h">
      <Filter>Dialogs\Dialog headers</Filter>
    </ClInclude>
    <ClInclude Include="Include\OpenEditor\OEClassPage.h">
      <Filter>Dialogs\Dialog headers</Filter>
    </ClInclude>
    <ClInclude Include="Include\OpenEditor\OEEditingPage.h">
      <Filter>Dialogs\Dialog headers</Filter>
    </ClInclude>
    <ClInclude Include="Include\OpenEditor\OEFileInfoDlg.h">
      <Filter>Dialogs\Dialog headers</Filter>
    </ClInclude>
    <ClInclude Include="Include\OpenEditor\OEFilePage.h">
      <Filter>Dialogs\Dialog headers</Filter>
    </ClInclude>
    <ClInclude Include="Include\OpenEditor\OEFindFiles.h">
      <Filter>Dialogs\Dialog headers</Filter>
    </ClInclude>
    <ClInclude Include="Include\OpenEditor\OEFindReplaceDlg.h">
      <Filter>Dialogs\Dialog headers</Filter>
    </ClInclude>
    <ClInclude Include="Include\OpenEditor\OEGeneralPage.h">
      <Filter>Dialogs\Dialog headers</Filter>
    </ClInclude>
    <ClInclude Include="Include\OpenEditor\OEGoToDialog.h">
      <Filter>Dialogs\Dialog headers</Filter>
    </ClInclude>
    <ClInclude Include="Include\OpenEditor\OEPrintPageSetup.h">
      <Filter>Dialogs\Dialog headers</Filter>
    </ClInclude>
    <ClInclude Include="Include\OpenEditor\OEPropPage.h">
      <Filter>Dialogs\Dialog headers</Filter>
    </ClInclude>
    <ClInclude Include="Include\OpenEditor\OESaveModifiedDlg.h">
      <Filter>Dialogs\Dialog headers</Filter>
    </ClInclude>
    <ClInclude Include="Include\OpenEditor\OESQLSettingsPage.h">
      <Filter>Dialogs\Dialog headers</Filter>
    </ClInclude>
    <ClInclude Include="Include\OpenEditor\OETemplatesDlg.h">
      <Filter>Dialogs\Dialog headers</Filter>
    </ClInclude>
    <ClInclude Include="Include\OpenEditor\OETemplatesPage.h">
      <Filter>Dialogs\Dialog headers</Filter>
    </ClInclude>
    <ClInclude Include="Src\GridControl\CellRange.h">
      <Filter>GridControl\GridControl Headers</Filter>
    </ClInclude>
    <ClInclude Include="Src\GridControl\GridCell.h">
      <Filter>GridControl\GridControl Headers</Filter>
    </ClInclude>
    <ClInclude Include="Src\GridControl\GridCellBase.h">
      <Filter>GridControl\GridControl Headers</Filter>
    </ClInclude>
    <ClInclude Include="Src\GridControl\GridCtrl.h">
      <Filter>GridControl\GridControl Headers</Filter>
    </ClInclude>
    <ClInclude Include="Src\GridControl\GridDropTarget.h">
      <Filter>GridControl\GridControl Headers</Filter>
    </ClInclude>
    <ClInclude Include="Src\GridControl\InPlaceEdit.h">
      <Filter>GridControl\GridControl Headers</Filter>
    </ClInclude>
    <ClInclude Include="Src\GridControl\MemDC.h">
      <Filter>GridControl\GridControl Headers</Filter>
    </ClInclude>
    <ClInclude Include="Src\GridControl\TitleTip.h">
      <Filter>GridControl\GridControl Headers</Filter>
    </ClInclude>
    <ClInclude Include="Src\Query\GridView.h">
      <Filter>Query\Query Headers</Filter>
    </ClInclude>
    <ClInclude Include="Src\Query\QueryBar.h">
      <Filter>Query\Query Headers</Filter>
    </ClInclude>
    <ClInclude Include="Src\Query\QueryPanelWnd.h">
      <Filter>Query\Query Headers</Filter>
    </ClInclude>
    <ClInclude Include="Src\Frame\ChildFrm.h">
      <Filter>Frame\Frame headers</Filter>
    </ClInclude>
    <ClInclude Include="Src\Frame\ConnectionBar.h">
      <Filter>Frame\Frame headers</Filter>
    </ClInclude>
    <ClInclude Include="Src\Frame\DirTreeCtrl.h">
      <Filter>Frame\Frame headers</Filter>
    </ClInclude>
    <ClInclude Include="Include\COMMON\DocManagerExt.h">
      <Filter>Frame\Frame headers</Filter>
    </ClInclude>
    <ClInclude Include="Include\COMMON\FakeRClick.h">
      <Filter>Frame\Frame headers</Filter>
    </ClInclude>
    <ClInclude Include="Include\COMMON\FilePanelWnd.h">
      <Filter>Frame\Frame headers</Filter>
    </ClInclude>
    <ClInclude Include="Src\Frame\FileWatch.h">
      <Filter>Frame\Frame headers</Filter>
    </ClInclude>
    <ClInclude Include="Src\Frame\MainFrm.h">
      <Filter>Frame\Frame headers</Filter>
    </ClInclude>
    <ClInclude Include="Src\Frame\scbarcf.h">
      <Filter>Frame\Frame headers</Filter>
    </ClInclude>
    <ClInclude Include="Src\Frame\scbarg.h">
      <Filter>Frame\Frame headers</Filter>
    </ClInclude>
    <ClInclude Include="Src\Frame\sizecbar.h">
      <Filter>Frame\Frame headers</Filter>
    </ClInclude>
    <ClInclude Include="Src\Frame\SortStringArray.h">
      <Filter>Frame\Frame headers</Filter>
    </ClInclude>
    <ClInclude Include="Src\Frame\WinException.h">
      <Filter>Frame\Frame headers</Filter>
    </ClInclude>
    <ClInclude Include="Include\COMMON\WorkbookBar.h">
      <Filter>Frame\Frame headers</Filter>
    </ClInclude>
    <ClInclude Include="Include\COMMON\WorkbookMDIFrame.h">
      <Filter>Frame\Frame headers</Filter>
    </ClInclude>
    <ClInclude Include="Src\Database\Locker.h">
      <Filter>Database\Headers</Filter>
    </ClInclude>
    <ClInclude Include="Src\Database\SQLAssociation.h">
      <Filter>Database\Headers</Filter>
    </ClInclude>
    <ClInclude Include="Src\Database\SQLColumnInfo.h">
      <Filter>Database\Headers</Filter>
    </ClInclude>
    <ClInclude Include="Src\Database\SQLDatabase.h">
      <Filter>Database\Headers</Filter>
    </ClInclude>
    <ClInclude Include="Src\Database\SQLDataSet.h">
      <Filter>Database\Headers</Filter>
    </ClInclude>
    <ClInclude Include="Src\Database\SQLDate.h">
      <Filter>Database\Headers</Filter>
    </ClInclude>
    <ClInclude Include="Src\Database\SQLError.h">
      <Filter>Database\Headers</Filter>
    </ClInclude>
    <ClInclude Include="Src\Database\SQLFormatErrors.h">
      <Filter>Database\Headers</Filter>
    </ClInclude>
    <ClInclude Include="Src\Database\SQLInfo.h">
      <Filter>Database\Headers</Filter>
    </ClInclude>
    <ClInclude Include="Src\Database\SQLInfoAccess.h">
      <Filter>Database\Headers</Filter>
    </ClInclude>
    <ClInclude Include="Src\Database\SQLInfoDB.h">
      <Filter>Database\Headers</Filter>
    </ClInclude>
    <ClInclude Include="Src\Database\SQLInfoFirebird.h">
      <Filter>Database\Headers</Filter>
    </ClInclude>
    <ClInclude Include="Src\Database\SQLInfoGenericODBC.h">
      <Filter>Database\Headers</Filter>
    </ClInclude>
    <ClInclude Include="Src\Database\SQLInfoInformix.h">
      <Filter>Database\Headers</Filter>
    </ClInclude>
    <ClInclude Include="Src\Database\SQLInfoOracle.h">
      <Filter>Database\Headers</Filter>
    </ClInclude>
    <ClInclude Include="Src\Database\SQLInfoPostgreSQL.h">
      <Filter>Database\Headers</Filter>
    </ClInclude>
    <ClInclude Include="Src\Database\SQLInfoSQLServer.h">
      <Filter>Database\Headers</Filter>
    </ClInclude>
    <ClInclude Include="Src\Database\SQLInfoTree.h">
      <Filter>Database\Headers</Filter>
    </ClInclude>
    <ClInclude Include="Src\Database\SQLLanguage.h">
      <Filter>Database\Headers</Filter>
    </ClInclude>
    <ClInclude Include="Src\Database\SQLMutation.h">
      <Filter>Database\Headers</Filter>
    </ClInclude>
    <ClInclude Include="Src\Database\sqlncli.h">
      <Filter>Database\Headers</Filter>
    </ClInclude>
    <ClInclude Include="Src\Database\SQLOdbc.h">
      <Filter>Database\Headers</Filter>
    </ClInclude>
    <ClInclude Include="Src\Database\SQLQuery.h">
      <Filter>Database\Headers</Filter>
    </ClInclude>
    <ClInclude Include="Src\Database\SQLRecord.h">
      <Filter>Database\Headers</Filter>
    </ClInclude>
    <ClInclude Include="Src\Database\SQLStatement.h">
      <Filter>Database\Headers</Filter>
    </ClInclude>
    <ClInclude Include="Src\Database\SQLTime.h">
      <Filter>Database\Headers</Filter>
    </ClInclude>
    <ClInclude Include="Src\Database\SQLTimestamp.h">
      <Filter>Database\Headers</Filter>
    </ClInclude>
    <ClInclude Include="Src\Database\SQLTransaction.h">
      <Filter>Database\Headers</Filter>
    </ClInclude>
    <ClInclude Include="Src\Database\SQLVariant.h">
      <Filter>Database\Headers</Filter>
    </ClInclude>
    <ClInclude Include="Src\Database\SQLVariantFormat.h">
      <Filter>Database\Headers</Filter>
    </ClInclude>
    <ClInclude Include="Src\Database\SQLWrappers.h">
      <Filter>Database\Headers</Filter>
    </ClInclude>
    <ClInclude Include="Src\Database\xml.h">
      <Filter>Database\Headers</Filter>
    </ClInclude>
    <ClInclude Include="Src\Query\codeer.h">
      <Filter>Query\Query Headers</Filter>
    </ClInclude>
    <ClInclude Include="Src\Query\NativeSQLDlg.h">
      <Filter>Query\Query Headers</Filter>
    </ClInclude>
    <ClInclude Include="Src\Query\RebindDlg.h">
      <Filter>Query\Query Headers</Filter>
    </ClInclude>
    <ClInclude Include="Src\Query\VariablesDlg.h">
      <Filter>Query\Query Headers</Filter>
    </ClInclude>
    <ClInclude Include="Src\Database\SQLDataSetXLS.h">
      <Filter>Database\Headers</Filter>
    </ClInclude>
    <ClInclude Include="Src\Database\BasicExcel.h">
      <Filter>Database\Headers</Filter>
    </ClInclude>
    <ClInclude Include="Src\Database\ExcelFormat.h">
      <Filter>Database\Headers</Filter>
    </ClInclude>
    <ClInclude Include="Src\Database\BasicXmlExcel.h">
      <Filter>Database\Headers</Filter>
    </ClInclude>
    <ClInclude Include="Src\Database\GetLastErrorAsString.h">
      <Filter>Database\Headers</Filter>
    </ClInclude>
    <ClInclude Include="Src\Database\unzip.h">
      <Filter>Database\Headers</Filter>
    </ClInclude>
  </ItemGroup>
  <ItemGroup>
    <None Include="OpenEditor.rh">
      <Filter>Source Files\Header Files</Filter>
    </None>
    <None Include="res\OpenQuery.rc2">
      <Filter>Resource Files</Filter>
    </None>
    <None Include="_Data\languages.dat">
      <Filter>Data</Filter>
    </None>
    <None Include="_Data\settings.dat">
      <Filter>Data</Filter>
    </None>
    <None Include="_Data\templates.dat">
      <Filter>Data</Filter>
    </None>
    <None Include="Data\context.keymap">
      <Filter>Keymap files</Filter>
    </None>
    <None Include="Data\custom.keymap">
      <Filter>Keymap files</Filter>
    </None>
    <None Include="Data\default.keymap">
      <Filter>Keymap files</Filter>
    </None>
    <None Include="Data\editplus2.keymap">
      <Filter>Keymap files</Filter>
    </None>
    <None Include="Data\textpad.keymap">
      <Filter>Keymap files</Filter>
    </None>
    <None Include="Data\ultraedit.keymap">
      <Filter>Keymap files</Filter>
    </None>
  </ItemGroup>
  <ItemGroup>
    <Image Include="res\add.ico">
      <Filter>Resource Files</Filter>
    </Image>
    <Image Include="res\bmp00006.bmp">
      <Filter>Resource Files</Filter>
    </Image>
    <Image Include="Src\res\bmp00006.bmp">
      <Filter>Resource Files</Filter>
    </Image>
    <Image Include="res\border_b.bmp">
      <Filter>Resource Files</Filter>
    </Image>
    <Image Include="res\connectb.bmp">
      <Filter>Resource Files</Filter>
    </Image>
    <Image Include="Src\res\connectb.bmp">
      <Filter>Resource Files</Filter>
    </Image>
    <Image Include="res\database.bmp">
      <Filter>Resource Files</Filter>
    </Image>
    <Image Include="Src\res\database.bmp">
      <Filter>Resource Files</Filter>
    </Image>
    <Image Include="res\down.ico">
      <Filter>Resource Files</Filter>
    </Image>
    <Image Include="Src\res\error.ico">
      <Filter>Resource Files</Filter>
    </Image>
    <Image Include="res\error.ico">
      <Filter>Resource Files</Filter>
    </Image>
    <Image Include="Src\res\explorer_state_list.bmp">
      <Filter>Resource Files</Filter>
    </Image>
    <Image Include="res\explorer_state_list.bmp">
      <Filter>Resource Files</Filter>
    </Image>
    <Image Include="res\ico00001.ico">
      <Filter>Resource Files</Filter>
    </Image>
    <Image Include="Src\res\ico00001.ico">
      <Filter>Resource Files</Filter>
    </Image>
    <Image Include="Src\res\ico00002.ico">
      <Filter>Resource Files</Filter>
    </Image>
    <Image Include="res\ico00002.ico">
      <Filter>Resource Files</Filter>
    </Image>
    <Image Include="Src\res\icon1.ico">
      <Filter>Resource Files</Filter>
    </Image>
    <Image Include="res\icon1.ico">
      <Filter>Resource Files</Filter>
    </Image>
    <Image Include="Src\res\OpenQueryDoc.ico">
      <Filter>Resource Files</Filter>
    </Image>
    <Image Include="res\OpenQueryDoc.ico">
      <Filter>Resource Files</Filter>
    </Image>
    <Image Include="Src\res\Query.ico">
      <Filter>Resource Files</Filter>
    </Image>
    <Image Include="res\QUERY.ICO">
      <Filter>Resource Files</Filter>
    </Image>
    <Image Include="Src\res\querybar.bmp">
      <Filter>Resource Files</Filter>
    </Image>
    <Image Include="res\querybar.bmp">
      <Filter>Resource Files</Filter>
    </Image>
    <Image Include="res\querysta.bmp">
      <Filter>Resource Files</Filter>
    </Image>
    <Image Include="Src\res\querysta.bmp">
      <Filter>Resource Files</Filter>
    </Image>
    <Image Include="res\remove.ico">
      <Filter>Resource Files</Filter>
    </Image>
    <Image Include="res\Toolbar.bmp">
      <Filter>Resource Files</Filter>
    </Image>
    <Image Include="res\toolbar1.bmp">
      <Filter>Resource Files</Filter>
    </Image>
    <Image Include="res\up.ico">
      <Filter>Resource Files</Filter>
    </Image>
  </ItemGroup>
  <ItemGroup>
    <ResourceCompile Include="Src\OpenQuery.rc">
      <Filter>Resource Files</Filter>
    </ResourceCompile>
  </ItemGroup>
  <ItemGroup>
    <Text Include="bugs.txt">
      <Filter>Installation files</Filter>
    </Text>
    <Text Include="history.txt">
      <Filter>Installation files</Filter>
    </Text>
    <Text Include="license.txt">
      <Filter>Installation files</Filter>
    </Text>
    <Text Include="plan.txt">
      <Filter>Installation files</Filter>
    </Text>
    <Text Include="readme.txt">
      <Filter>Installation files</Filter>
    </Text>
    <Text Include="script_syntax.txt">
      <Filter>Installation files</Filter>
    </Text>
  </ItemGroup>
</Project>