Microsoft Visual Studio Solution File, Format Version 12.00
# Visual Studio Version 16
VisualStudioVersion = 16.0.30309.148
MinimumVisualStudioVersion = 10.0.40219.1
Project("{8BC9CEB8-8B4A-11D0-8D11-00A0C91BC942}") = "ODBCQueryTool", "ODBCQueryTool.vcxproj", "{B9835D63-5C8A-4ADC-A3D7-699D75875770}"
EndProject
Global
	GlobalSection(SolutionConfigurationPlatforms) = preSolution
		Debug|Win32 = Debug|Win32
		Debug|x64 = Debug|x64
		Release|Win32 = Release|Win32
		Release|x64 = Release|x64
	EndGlobalSection
	GlobalSection(ProjectConfigurationPlatforms) = postSolution
		{B9835D63-5C8A-4ADC-A3D7-699D75875770}.Debug|Win32.ActiveCfg = Debug|Win32
		{B9835D63-5C8A-4ADC-A3D7-699D75875770}.Debug|Win32.Build.0 = Debug|Win32
		{B9835D63-5C8A-4ADC-A3D7-699D75875770}.Debug|x64.ActiveCfg = Debug|x64
		{B9835D63-5C8A-4ADC-A3D7-699D75875770}.Debug|x64.Build.0 = Debug|x64
		{B9835D63-5C8A-4ADC-A3D7-699D75875770}.Release|Win32.ActiveCfg = Release|Win32
		{B9835D63-5C8A-4ADC-A3D7-699D75875770}.Release|Win32.Build.0 = Release|Win32
		{B9835D63-5C8A-4ADC-A3D7-699D75875770}.Release|x64.ActiveCfg = Release|x64
		{B9835D63-5C8A-4ADC-A3D7-699D75875770}.Release|x64.Build.0 = Release|x64
	EndGlobalSection
	GlobalSection(SolutionProperties) = preSolution
		HideSolutionNode = FALSE
	EndGlobalSection
	GlobalSection(ExtensibilityGlobals) = postSolution
		SolutionGuid = {A67FB055-03F8-45B1-BF2C-AADBB9339E9C}
	EndGlobalSection
EndGlobal
