<?xml version="1.0" encoding="utf-8"?>
<Project ToolsVersion="4.0" xmlns="http://schemas.microsoft.com/developer/msbuild/2003">
  <ItemGroup>
    <Filter Include="Source Files">
      <UniqueIdentifier>{6c3e3c0f-817d-41cf-bfe0-06c70bb49484}</UniqueIdentifier>
      <Extensions>cpp;c;cxx;rc;def;r;odl;idl;hpj;bat</Extensions>
    </Filter>
    <Filter Include="Source Files\Header Files">
      <UniqueIdentifier>{0da1a458-7bfd-4114-96c3-b4c772cfb9ba}</UniqueIdentifier>
      <Extensions>h;hpp;hxx;hm;inl</Extensions>
    </Filter>
    <Filter Include="Resource Files">
      <UniqueIdentifier>{adb6ae05-9b32-4920-b95b-7d614b520769}</UniqueIdentifier>
      <Extensions>ico;cur;bmp;dlg;rc2;rct;bin;rgs;gif;jpg;jpeg;jpe</Extensions>
    </Filter>
    <Filter Include="OpenEditor">
      <UniqueIdentifier>{3b96b8b4-b5dd-4079-a672-9b668d0db84b}</UniqueIdentifier>
      <Extensions>*.cpp</Extensions>
    </Filter>
    <Filter Include="OpenEditor\OpenEditor Headers">
      <UniqueIdentifier>{8e4f6df5-72da-456c-ac5a-5f1ea4aad789}</UniqueIdentifier>
      <Extensions>*.h</Extensions>
    </Filter>
    <Filter Include="Common">
      <UniqueIdentifier>{f96c77fd-fa7b-4cc3-b323-e1b91e30d55b}</UniqueIdentifier>
      <Extensions>*.cpp</Extensions>
    </Filter>
    <Filter Include="Common\Common headers">
      <UniqueIdentifier>{6437e439-8e02-45fb-9e62-a64861fbc1c7}</UniqueIdentifier>
      <Extensions>*.h</Extensions>
    </Filter>
    <Filter Include="Dialogs">
      <UniqueIdentifier>{7cb35576-8f0f-4ad0-a3ad-8e3f3395dd12}</UniqueIdentifier>
      <Extensions>*.cpp</Extensions>
    </Filter>
    <Filter Include="Dialogs\Dialog headers">
      <UniqueIdentifier>{3cb79664-3ee8-4ab0-ac48-dae630e28a49}</UniqueIdentifier>
      <Extensions>*.h</Extensions>
    </Filter>
    <Filter Include="GridControl">
      <UniqueIdentifier>{31b0468d-50d8-4569-81da-99dfc353ed8f}</UniqueIdentifier>
      <Extensions>*.cpp</Extensions>
    </Filter>
    <Filter Include="GridControl\GridControl Headers">
      <UniqueIdentifier>{44ab7499-df90-45fd-bd6b-0c74496a8c5b}</UniqueIdentifier>
      <Extensions>*.h</Extensions>
    </Filter>
    <Filter Include="Query">
      <UniqueIdentifier>{8b2c84ed-b72a-4fae-9c9e-c4eec6cc3a02}</UniqueIdentifier>
      <Extensions>*.cpp</Extensions>
    </Filter>
    <Filter Include="Query\Query Headers">
      <UniqueIdentifier>{b594fb3b-4106-43f9-a7d0-d3d295467407}</UniqueIdentifier>
      <Extensions>*.h</Extensions>
    </Filter>
    <Filter Include="Frame">
      <UniqueIdentifier>{31196b22-5226-4efc-aad3-ada66d192f8e}</UniqueIdentifier>
      <Extensions>*.cpp</Extensions>
    </Filter>
    <Filter Include="Frame\Frame headers">
      <UniqueIdentifier>{88bd0d26-7ccd-418e-970c-3e71083fea57}</UniqueIdentifier>
      <Extensions>*.h</Extensions>
    </Filter>
    <Filter Include="Data">
      <UniqueIdentifier>{3fa1e3e1-4d42-401e-bb0f-decf75837262}</UniqueIdentifier>
      <Extensions>*.dat</Extensions>
    </Filter>
    <Filter Include="Keymap files">
      <UniqueIdentifier>{b5eb9593-a189-44f3-a80c-495e332ca636}</UniqueIdentifier>
      <Extensions>*.keymap</Extensions>
    </Filter>
    <Filter Include="Installation files">
      <UniqueIdentifier>{c302bd92-9453-499c-b442-5f98ffeeb8d0}</UniqueIdentifier>
      <Extensions>txt</Extensions>
    </Filter>
    <Filter Include="Include">
      <UniqueIdentifier>{d4ef30ea-9a29-443a-8583-42a2f9da397d}</UniqueIdentifier>
    </Filter>
  </ItemGroup>
  <ItemGroup>
    <ClCompile Include="QueryTool\AboutDlg.cpp">
      <Filter>Source Files</Filter>
    </ClCompile>
    <ClCompile Include="QueryTool\ConnectionDlg.cpp">
      <Filter>Source Files</Filter>
    </ClCompile>
    <ClCompile Include="QueryTool\MultConnectionsDlg.cpp">
      <Filter>Source Files</Filter>
    </ClCompile>
    <ClCompile Include="QueryTool\OpenEditorApp.cpp">
      <Filter>Source Files</Filter>
    </ClCompile>
    <ClCompile Include="QueryTool\StdAfx.cpp">
      <Filter>Source Files</Filter>
    </ClCompile>
    <ClCompile Include="QueryTool\OpenEditor\OEAutocompleteCtrl.cpp">
      <Filter>OpenEditor</Filter>
    </ClCompile>
    <ClCompile Include="QueryTool\OpenEditor\OECommonLanguageSupport.cpp">
      <Filter>OpenEditor</Filter>
    </ClCompile>
    <ClCompile Include="QueryTool\OpenEditor\OEContext_1.cpp">
      <Filter>OpenEditor</Filter>
    </ClCompile>
    <ClCompile Include="QueryTool\OpenEditor\OEContext_2.cpp">
      <Filter>OpenEditor</Filter>
    </ClCompile>
    <ClCompile Include="QueryTool\OpenEditor\OEContext_3.cpp">
      <Filter>OpenEditor</Filter>
    </ClCompile>
    <ClCompile Include="QueryTool\OpenEditor\OEContext_4.cpp">
      <Filter>OpenEditor</Filter>
    </ClCompile>
    <ClCompile Include="QueryTool\OpenEditor\OEContext_5.cpp">
      <Filter>OpenEditor</Filter>
    </ClCompile>
    <ClCompile Include="QueryTool\OpenEditor\OEDocument.cpp">
      <Filter>OpenEditor</Filter>
    </ClCompile>
    <ClCompile Include="QueryTool\OpenEditor\OEHelpers_1.cpp">
      <Filter>OpenEditor</Filter>
    </ClCompile>
    <ClCompile Include="QueryTool\OpenEditor\OEHelpers_2.cpp">
      <Filter>OpenEditor</Filter>
    </ClCompile>
    <ClCompile Include="QueryTool\OpenEditor\OEHelpers_3.cpp">
      <Filter>OpenEditor</Filter>
    </ClCompile>
    <ClCompile Include="QueryTool\OpenEditor\OEHighlighter.cpp">
      <Filter>OpenEditor</Filter>
    </ClCompile>
    <ClCompile Include="QueryTool\OpenEditor\OEHighlighter_1.cpp">
      <Filter>OpenEditor</Filter>
    </ClCompile>
    <ClCompile Include="QueryTool\OpenEditor\OEHighlighter_2.cpp">
      <Filter>OpenEditor</Filter>
    </ClCompile>
    <ClCompile Include="QueryTool\OpenEditor\OELanguage.cpp">
      <Filter>OpenEditor</Filter>
    </ClCompile>
    <ClCompile Include="QueryTool\OpenEditor\OELanguageManager.cpp">
      <Filter>OpenEditor</Filter>
    </ClCompile>
    <ClCompile Include="QueryTool\OpenEditor\OELanguageStreams.cpp">
      <Filter>OpenEditor</Filter>
    </ClCompile>
    <ClCompile Include="QueryTool\OpenEditor\OEMatchSearcher.cpp">
      <Filter>OpenEditor</Filter>
    </ClCompile>
    <ClCompile Include="QueryTool\OpenEditor\OEPlsSqlParser.cpp">
      <Filter>OpenEditor</Filter>
    </ClCompile>
    <ClCompile Include="QueryTool\OpenEditor\OEPlsSqlSupport.cpp">
      <Filter>OpenEditor</Filter>
    </ClCompile>
    <ClCompile Include="QueryTool\OpenEditor\OEPlsSqlSyntax.cpp">
      <Filter>OpenEditor</Filter>
    </ClCompile>
    <ClCompile Include="QueryTool\OpenEditor\OESettings.cpp">
      <Filter>OpenEditor</Filter>
    </ClCompile>
    <ClCompile Include="QueryTool\OpenEditor\OESettingsStreams.cpp">
      <Filter>OpenEditor</Filter>
    </ClCompile>
    <ClCompile Include="QueryTool\OpenEditor\OEStorage.cpp">
      <Filter>OpenEditor</Filter>
    </ClCompile>
    <ClCompile Include="QueryTool\OpenEditor\OEStreams.cpp">
      <Filter>OpenEditor</Filter>
    </ClCompile>
    <ClCompile Include="QueryTool\OpenEditor\OESyntaxParser.cpp">
      <Filter>OpenEditor</Filter>
    </ClCompile>
    <ClCompile Include="QueryTool\OpenEditor\OETemplates.cpp">
      <Filter>OpenEditor</Filter>
    </ClCompile>
    <ClCompile Include="QueryTool\OpenEditor\OETemplateStreams.cpp">
      <Filter>OpenEditor</Filter>
    </ClCompile>
    <ClCompile Include="QueryTool\OpenEditor\OEUndo.cpp">
      <Filter>OpenEditor</Filter>
    </ClCompile>
    <ClCompile Include="QueryTool\OpenEditor\OEView_1.cpp">
      <Filter>OpenEditor</Filter>
    </ClCompile>
    <ClCompile Include="QueryTool\OpenEditor\OEView_2.cpp">
      <Filter>OpenEditor</Filter>
    </ClCompile>
    <ClCompile Include="QueryTool\OpenEditor\OEView_3.cpp">
      <Filter>OpenEditor</Filter>
    </ClCompile>
    <ClCompile Include="QueryTool\OpenEditor\OEView_4.cpp">
      <Filter>OpenEditor</Filter>
    </ClCompile>
    <ClCompile Include="QueryTool\OpenEditor\OEView_5.cpp">
      <Filter>OpenEditor</Filter>
    </ClCompile>
    <ClCompile Include="QueryTool\OpenEditor\OEView_6.cpp">
      <Filter>OpenEditor</Filter>
    </ClCompile>
    <ClCompile Include="QueryTool\OpenEditor\OEView_7.cpp">
      <Filter>OpenEditor</Filter>
    </ClCompile>
    <ClCompile Include="QueryTool\OpenEditor\OEViewPaintAccessories.cpp">
      <Filter>OpenEditor</Filter>
    </ClCompile>
    <ClCompile Include="QueryTool\COMMON\AppGlobal.cpp">
      <Filter>Common</Filter>
    </ClCompile>
    <ClCompile Include="QueryTool\COMMON\AppUtilities.cpp">
      <Filter>Common</Filter>
    </ClCompile>
    <ClCompile Include="QueryTool\Common\arg_shared.cpp">
      <Filter>Common</Filter>
    </ClCompile>
    <ClCompile Include="QueryTool\COMMON\DirSelectDlg.cpp">
      <Filter>Common</Filter>
    </ClCompile>
    <ClCompile Include="QueryTool\COMMON\EditWithSelPos.cpp">
      <Filter>Common</Filter>
    </ClCompile>
    <ClCompile Include="QueryTool\COMMON\ExceptionHelper.cpp">
      <Filter>Common</Filter>
    </ClCompile>
    <ClCompile Include="QueryTool\Common\FileSelectDialog.cpp">
      <Filter>Common</Filter>
    </ClCompile>
    <ClCompile Include="QueryTool\COMMON\FixedString.cpp">
      <Filter>Common</Filter>
    </ClCompile>
    <ClCompile Include="QueryTool\COMMON\GUICommandDictionary.cpp">
      <Filter>Common</Filter>
    </ClCompile>
    <ClCompile Include="QueryTool\COMMON\MemoryMappedFile.cpp">
      <Filter>Common</Filter>
    </ClCompile>
    <ClCompile Include="QueryTool\COMMON\PropertySheetMem.cpp">
      <Filter>Common</Filter>
    </ClCompile>
    <ClCompile Include="QueryTool\COMMON\QuickArray.cpp">
      <Filter>Common</Filter>
    </ClCompile>
    <ClCompile Include="QueryTool\Common\regexp.cpp">
      <Filter>Common</Filter>
    </ClCompile>
    <ClCompile Include="QueryTool\COMMON\StrHelpers.cpp">
      <Filter>Common</Filter>
    </ClCompile>
    <ClCompile Include="QueryTool\COMMON\VisualAttributes.cpp">
      <Filter>Common</Filter>
    </ClCompile>
    <ClCompile Include="QueryTool\COMMON\VisualAttributesPage.cpp">
      <Filter>Common</Filter>
    </ClCompile>
    <ClCompile Include="QueryTool\Common\WideMessageBox.cpp">
      <Filter>Common</Filter>
    </ClCompile>
    <ClCompile Include="QueryTool\OpenEditor\OEBackupPage.cpp">
      <Filter>Dialogs</Filter>
    </ClCompile>
    <ClCompile Include="QueryTool\OpenEditor\OEBlockPage.cpp">
      <Filter>Dialogs</Filter>
    </ClCompile>
    <ClCompile Include="QueryTool\OpenEditor\OEClassPage.cpp">
      <Filter>Dialogs</Filter>
    </ClCompile>
    <ClCompile Include="QueryTool\OpenEditor\OEEditingPage.cpp">
      <Filter>Dialogs</Filter>
    </ClCompile>
    <ClCompile Include="QueryTool\OpenEditor\OEFileInfoDlg.cpp">
      <Filter>Dialogs</Filter>
    </ClCompile>
    <ClCompile Include="QueryTool\OpenEditor\OEFilePage.cpp">
      <Filter>Dialogs</Filter>
    </ClCompile>
    <ClCompile Include="QueryTool\OpenEditor\OEFindFiles.cpp">
      <Filter>Dialogs</Filter>
    </ClCompile>
    <ClCompile Include="QueryTool\OpenEditor\OEFindReplaceDlg.cpp">
      <Filter>Dialogs</Filter>
    </ClCompile>
    <ClCompile Include="QueryTool\OpenEditor\OEGeneralPage.cpp">
      <Filter>Dialogs</Filter>
    </ClCompile>
    <ClCompile Include="QueryTool\OpenEditor\OEGoToDialog.cpp">
      <Filter>Dialogs</Filter>
    </ClCompile>
    <ClCompile Include="QueryTool\OpenEditor\OEPrintPageSetup.cpp">
      <Filter>Dialogs</Filter>
    </ClCompile>
    <ClCompile Include="QueryTool\OpenEditor\OEPropPage.cpp">
      <Filter>Dialogs</Filter>
    </ClCompile>
    <ClCompile Include="QueryTool\OpenEditor\OESaveModifiedDlg.cpp">
      <Filter>Dialogs</Filter>
    </ClCompile>
    <ClCompile Include="QueryTool\OpenEditor\OESQLSettingsPage.cpp">
      <Filter>Dialogs</Filter>
    </ClCompile>
    <ClCompile Include="QueryTool\OpenEditor\OETemplatesDlg.cpp">
      <Filter>Dialogs</Filter>
    </ClCompile>
    <ClCompile Include="QueryTool\OpenEditor\OETemplatesPage.cpp">
      <Filter>Dialogs</Filter>
    </ClCompile>
    <ClCompile Include="QueryTool\GridControl\GridCell.cpp">
      <Filter>GridControl</Filter>
    </ClCompile>
    <ClCompile Include="QueryTool\GridControl\GridCellBase.cpp">
      <Filter>GridControl</Filter>
    </ClCompile>
    <ClCompile Include="QueryTool\GridControl\GridCtrl.cpp">
      <Filter>GridControl</Filter>
    </ClCompile>
    <ClCompile Include="QueryTool\GridControl\GridDropTarget.cpp">
      <Filter>GridControl</Filter>
    </ClCompile>
    <ClCompile Include="QueryTool\GridControl\InPlaceEdit.cpp">
      <Filter>GridControl</Filter>
    </ClCompile>
    <ClCompile Include="QueryTool\GridControl\TitleTip.cpp">
      <Filter>GridControl</Filter>
    </ClCompile>
    <ClCompile Include="QueryTool\Query\GridView.cpp">
      <Filter>Query</Filter>
    </ClCompile>
    <ClCompile Include="QueryTool\Query\QueryBar.cpp">
      <Filter>Query</Filter>
    </ClCompile>
    <ClCompile Include="QueryTool\Query\QueryPanelWnd.cpp">
      <Filter>Query</Filter>
    </ClCompile>
    <ClCompile Include="QueryTool\Frame\ChildFrm.cpp">
      <Filter>Frame</Filter>
    </ClCompile>
    <ClCompile Include="QueryTool\Frame\ConnectionBar.cpp">
      <Filter>Frame</Filter>
    </ClCompile>
    <ClCompile Include="QueryTool\Frame\DirTreeCtrl.cpp">
      <Filter>Frame</Filter>
    </ClCompile>
    <ClCompile Include="QueryTool\COMMON\DocManagerExt.cpp">
      <Filter>Frame</Filter>
    </ClCompile>
    <ClCompile Include="QueryTool\COMMON\FakeRClick.cpp">
      <Filter>Frame</Filter>
    </ClCompile>
    <ClCompile Include="QueryTool\COMMON\FilePanelWnd.cpp">
      <Filter>Frame</Filter>
    </ClCompile>
    <ClCompile Include="QueryTool\Frame\FileWatch.cpp">
      <Filter>Frame</Filter>
    </ClCompile>
    <ClCompile Include="QueryTool\Frame\MainFrm.cpp">
      <Filter>Frame</Filter>
    </ClCompile>
    <ClCompile Include="QueryTool\Frame\scbarcf.cpp">
      <Filter>Frame</Filter>
    </ClCompile>
    <ClCompile Include="QueryTool\Frame\scbarg.cpp">
      <Filter>Frame</Filter>
    </ClCompile>
    <ClCompile Include="QueryTool\Frame\sizecbar.cpp">
      <Filter>Frame</Filter>
    </ClCompile>
    <ClCompile Include="QueryTool\Frame\SortStringArray.cpp">
      <Filter>Frame</Filter>
    </ClCompile>
    <ClCompile Include="QueryTool\Frame\WinException.cpp">
      <Filter>Frame</Filter>
    </ClCompile>
    <ClCompile Include="QueryTool\COMMON\WorkbookBar.cpp">
      <Filter>Frame</Filter>
    </ClCompile>
    <ClCompile Include="QueryTool\COMMON\WorkbookMDIFrame.cpp">
      <Filter>Frame</Filter>
    </ClCompile>
    <ClCompile Include="QueryTool\Query\Codeer.cpp">
      <Filter>Query</Filter>
    </ClCompile>
    <ClCompile Include="QueryTool\Query\NativeSQLDlg.cpp">
      <Filter>Query</Filter>
    </ClCompile>
    <ClCompile Include="QueryTool\Query\RebindDlg.cpp">
      <Filter>Query</Filter>
    </ClCompile>
    <ClCompile Include="QueryTool\Query\VariablesDlg.cpp">
      <Filter>Query</Filter>
    </ClCompile>
    <ClCompile Include="QueryTool\Frame\ObjectTree.cpp">
      <Filter>Frame</Filter>
    </ClCompile>
    <ClCompile Include="QueryTool\Frame\InfoTree.cpp">
      <Filter>Frame</Filter>
    </ClCompile>
  </ItemGroup>
  <ItemGroup>
    <ClInclude Include="QueryTool\AboutDlg.h">
      <Filter>Source Files\Header Files</Filter>
    </ClInclude>
    <ClInclude Include="QueryTool\ConnectionDlg.h">
      <Filter>Source Files\Header Files</Filter>
    </ClInclude>
    <ClInclude Include="QueryTool\MultConnectionsDlg.h">
      <Filter>Source Files\Header Files</Filter>
    </ClInclude>
    <ClInclude Include="QueryTool\OpenEditorApp.h">
      <Filter>Source Files\Header Files</Filter>
    </ClInclude>
    <ClInclude Include="QueryTool\resource.h">
      <Filter>Source Files\Header Files</Filter>
    </ClInclude>
    <ClInclude Include="QueryTool\resource1.h">
      <Filter>Source Files\Header Files</Filter>
    </ClInclude>
    <ClInclude Include="QueryTool\resource2.h">
      <Filter>Source Files\Header Files</Filter>
    </ClInclude>
    <ClInclude Include="QueryTool\StdAfx.h">
      <Filter>Source Files\Header Files</Filter>
    </ClInclude>
    <ClInclude Include="QueryTool\Include\OpenEditor\OEAutocompleteCtrl.h">
      <Filter>OpenEditor\OpenEditor Headers</Filter>
    </ClInclude>
    <ClInclude Include="QueryTool\Include\OpenEditor\OEBackupPage.h">
      <Filter>OpenEditor\OpenEditor Headers</Filter>
    </ClInclude>
    <ClInclude Include="QueryTool\Include\OpenEditor\OEBlockPage.h">
      <Filter>OpenEditor\OpenEditor Headers</Filter>
    </ClInclude>
    <ClInclude Include="QueryTool\Include\OpenEditor\OEClassPage.h">
      <Filter>OpenEditor\OpenEditor Headers</Filter>
    </ClInclude>
    <ClInclude Include="QueryTool\Include\OpenEditor\OECommonLanguageSupport.h">
      <Filter>OpenEditor\OpenEditor Headers</Filter>
    </ClInclude>
    <ClInclude Include="QueryTool\Include\OpenEditor\OEContext.h">
      <Filter>OpenEditor\OpenEditor Headers</Filter>
    </ClInclude>
    <ClInclude Include="QueryTool\Include\OpenEditor\OEDocument.h">
      <Filter>OpenEditor\OpenEditor Headers</Filter>
    </ClInclude>
    <ClInclude Include="QueryTool\Include\OpenEditor\OEEditingPage.h">
      <Filter>OpenEditor\OpenEditor Headers</Filter>
    </ClInclude>
    <ClInclude Include="QueryTool\Include\OpenEditor\OEFileInfoDlg.h">
      <Filter>OpenEditor\OpenEditor Headers</Filter>
    </ClInclude>
    <ClInclude Include="QueryTool\Include\OpenEditor\OEFilePage.h">
      <Filter>OpenEditor\OpenEditor Headers</Filter>
    </ClInclude>
    <ClInclude Include="QueryTool\Include\OpenEditor\OEFindFiles.h">
      <Filter>OpenEditor\OpenEditor Headers</Filter>
    </ClInclude>
    <ClInclude Include="QueryTool\Include\OpenEditor\OEFindReplaceDlg.h">
      <Filter>OpenEditor\OpenEditor Headers</Filter>
    </ClInclude>
    <ClInclude Include="QueryTool\Include\OpenEditor\OEGeneralPage.h">
      <Filter>OpenEditor\OpenEditor Headers</Filter>
    </ClInclude>
    <ClInclude Include="QueryTool\Include\OpenEditor\OEGoToDialog.h">
      <Filter>OpenEditor\OpenEditor Headers</Filter>
    </ClInclude>
    <ClInclude Include="QueryTool\Include\OpenEditor\OEHelpers.h">
      <Filter>OpenEditor\OpenEditor Headers</Filter>
    </ClInclude>
    <ClInclude Include="QueryTool\Include\OpenEditor\OEHighlighter.h">
      <Filter>OpenEditor\OpenEditor Headers</Filter>
    </ClInclude>
    <ClInclude Include="QueryTool\Include\OpenEditor\OELanguage.h">
      <Filter>OpenEditor\OpenEditor Headers</Filter>
    </ClInclude>
    <ClInclude Include="QueryTool\Include\OpenEditor\OELanguageManager.h">
      <Filter>OpenEditor\OpenEditor Headers</Filter>
    </ClInclude>
    <ClInclude Include="QueryTool\Include\OpenEditor\OELanguageStreams.h">
      <Filter>OpenEditor\OpenEditor Headers</Filter>
    </ClInclude>
    <ClInclude Include="QueryTool\Include\OpenEditor\OELanguageSupport.h">
      <Filter>OpenEditor\OpenEditor Headers</Filter>
    </ClInclude>
    <ClInclude Include="QueryTool\Include\OpenEditor\OEMatchSearcher.h">
      <Filter>OpenEditor\OpenEditor Headers</Filter>
    </ClInclude>
    <ClInclude Include="QueryTool\Include\OpenEditor\OEPlsSqlParser.h">
      <Filter>OpenEditor\OpenEditor Headers</Filter>
    </ClInclude>
    <ClInclude Include="QueryTool\Include\OpenEditor\OEPlsSqlSupport.h">
      <Filter>OpenEditor\OpenEditor Headers</Filter>
    </ClInclude>
    <ClInclude Include="QueryTool\Include\OpenEditor\OEPlsSqlSyntax.h">
      <Filter>OpenEditor\OpenEditor Headers</Filter>
    </ClInclude>
    <ClInclude Include="QueryTool\Include\OpenEditor\OEPrintPageSetup.h">
      <Filter>OpenEditor\OpenEditor Headers</Filter>
    </ClInclude>
    <ClInclude Include="QueryTool\Include\OpenEditor\OEPropPage.h">
      <Filter>OpenEditor\OpenEditor Headers</Filter>
    </ClInclude>
    <ClInclude Include="QueryTool\Include\OpenEditor\OESaveModifiedDlg.h">
      <Filter>OpenEditor\OpenEditor Headers</Filter>
    </ClInclude>
    <ClInclude Include="QueryTool\Include\OpenEditor\OESettings.h">
      <Filter>OpenEditor\OpenEditor Headers</Filter>
    </ClInclude>
    <ClInclude Include="QueryTool\Include\OpenEditor\OESettingsStreams.h">
      <Filter>OpenEditor\OpenEditor Headers</Filter>
    </ClInclude>
    <ClInclude Include="QueryTool\Include\OpenEditor\OESQLSettingsPage.h">
      <Filter>OpenEditor\OpenEditor Headers</Filter>
    </ClInclude>
    <ClInclude Include="QueryTool\Include\OpenEditor\OEStorage.h">
      <Filter>OpenEditor\OpenEditor Headers</Filter>
    </ClInclude>
    <ClInclude Include="QueryTool\Include\OpenEditor\OEStreams.h">
      <Filter>OpenEditor\OpenEditor Headers</Filter>
    </ClInclude>
    <ClInclude Include="QueryTool\Include\OpenEditor\OESyntaxParser.h">
      <Filter>OpenEditor\OpenEditor Headers</Filter>
    </ClInclude>
    <ClInclude Include="QueryTool\Include\OpenEditor\OETemplates.h">
      <Filter>OpenEditor\OpenEditor Headers</Filter>
    </ClInclude>
    <ClInclude Include="QueryTool\Include\OpenEditor\OETemplatesDlg.h">
      <Filter>OpenEditor\OpenEditor Headers</Filter>
    </ClInclude>
    <ClInclude Include="QueryTool\Include\OpenEditor\OETemplatesPage.h">
      <Filter>OpenEditor\OpenEditor Headers</Filter>
    </ClInclude>
    <ClInclude Include="QueryTool\Include\OpenEditor\OETemplateStreams.h">
      <Filter>OpenEditor\OpenEditor Headers</Filter>
    </ClInclude>
    <ClInclude Include="QueryTool\Include\OpenEditor\OEUndo.h">
      <Filter>OpenEditor\OpenEditor Headers</Filter>
    </ClInclude>
    <ClInclude Include="QueryTool\Include\OpenEditor\OEView.h">
      <Filter>OpenEditor\OpenEditor Headers</Filter>
    </ClInclude>
    <ClInclude Include="QueryTool\Include\OpenEditor\OEViewPaintAccessories.h">
      <Filter>OpenEditor\OpenEditor Headers</Filter>
    </ClInclude>
    <ClInclude Include="Include\COMMON\AppGlobal.h">
      <Filter>Common\Common headers</Filter>
    </ClInclude>
    <ClInclude Include="Include\COMMON\AppUtilities.h">
      <Filter>Common\Common headers</Filter>
    </ClInclude>
    <ClInclude Include="Include\Common\arg_compiler.h">
      <Filter>Common\Common headers</Filter>
    </ClInclude>
    <ClInclude Include="include\common\arg_shared.h">
      <Filter>Common\Common headers</Filter>
    </ClInclude>
    <ClInclude Include="Include\COMMON\DirSelectDlg.h">
      <Filter>Common\Common headers</Filter>
    </ClInclude>
    <ClInclude Include="Include\COMMON\EditWithSelPos.h">
      <Filter>Common\Common headers</Filter>
    </ClInclude>
    <ClInclude Include="Include\COMMON\ExceptionHelper.h">
      <Filter>Common\Common headers</Filter>
    </ClInclude>
    <ClInclude Include="Include\COMMON\Fastmap.h">
      <Filter>Common\Common headers</Filter>
    </ClInclude>
    <ClInclude Include="QueryTool\Common\FileSelectDialog.h">
      <Filter>Common\Common headers</Filter>
    </ClInclude>
    <ClInclude Include="Include\COMMON\FixedString.h">
      <Filter>Common\Common headers</Filter>
    </ClInclude>
    <ClInclude Include="Include\COMMON\FixedString.h.+iterator.h">
      <Filter>Common\Common headers</Filter>
    </ClInclude>
    <ClInclude Include="Include\COMMON\GUICommandDictionary.h">
      <Filter>Common\Common headers</Filter>
    </ClInclude>
    <ClInclude Include="Include\COMMON\MemoryMappedFile.h">
      <Filter>Common\Common headers</Filter>
    </ClInclude>
    <ClInclude Include="Include\COMMON\PropertySheetMem.h">
      <Filter>Common\Common headers</Filter>
    </ClInclude>
    <ClInclude Include="Include\COMMON\QuickArray.h">
      <Filter>Common\Common headers</Filter>
    </ClInclude>
    <ClInclude Include="Include\Common\regexp.h">
      <Filter>Common\Common headers</Filter>
    </ClInclude>
    <ClInclude Include="Include\COMMON\StrHelpers.h">
      <Filter>Common\Common headers</Filter>
    </ClInclude>
    <ClInclude Include="Include\COMMON\VisualAttributes.h">
      <Filter>Common\Common headers</Filter>
    </ClInclude>
    <ClInclude Include="Include\COMMON\VisualAttributesPage.h">
      <Filter>Common\Common headers</Filter>
    </ClInclude>
    <ClInclude Include="QueryTool\Common\WideMessageBox.h">
      <Filter>Common\Common headers</Filter>
    </ClInclude>
    <ClInclude Include="Include\OpenEditor\OEBackupPage.h">
      <Filter>Dialogs\Dialog headers</Filter>
    </ClInclude>
    <ClInclude Include="Include\OpenEditor\OEBlockPage.h">
      <Filter>Dialogs\Dialog headers</Filter>
    </ClInclude>
    <ClInclude Include="Include\OpenEditor\OEClassPage.h">
      <Filter>Dialogs\Dialog headers</Filter>
    </ClInclude>
    <ClInclude Include="Include\OpenEditor\OEEditingPage.h">
      <Filter>Dialogs\Dialog headers</Filter>
    </ClInclude>
    <ClInclude Include="Include\OpenEditor\OEFileInfoDlg.h">
      <Filter>Dialogs\Dialog headers</Filter>
    </ClInclude>
    <ClInclude Include="Include\OpenEditor\OEFilePage.h">
      <Filter>Dialogs\Dialog headers</Filter>
    </ClInclude>
    <ClInclude Include="Include\OpenEditor\OEFindFiles.h">
      <Filter>Dialogs\Dialog headers</Filter>
    </ClInclude>
    <ClInclude Include="Include\OpenEditor\OEFindReplaceDlg.h">
      <Filter>Dialogs\Dialog headers</Filter>
    </ClInclude>
    <ClInclude Include="Include\OpenEditor\OEGeneralPage.h">
      <Filter>Dialogs\Dialog headers</Filter>
    </ClInclude>
    <ClInclude Include="Include\OpenEditor\OEGoToDialog.h">
      <Filter>Dialogs\Dialog headers</Filter>
    </ClInclude>
    <ClInclude Include="Include\OpenEditor\OEPrintPageSetup.h">
      <Filter>Dialogs\Dialog headers</Filter>
    </ClInclude>
    <ClInclude Include="Include\OpenEditor\OEPropPage.h">
      <Filter>Dialogs\Dialog headers</Filter>
    </ClInclude>
    <ClInclude Include="Include\OpenEditor\OESaveModifiedDlg.h">
      <Filter>Dialogs\Dialog headers</Filter>
    </ClInclude>
    <ClInclude Include="Include\OpenEditor\OESQLSettingsPage.h">
      <Filter>Dialogs\Dialog headers</Filter>
    </ClInclude>
    <ClInclude Include="Include\OpenEditor\OETemplatesDlg.h">
      <Filter>Dialogs\Dialog headers</Filter>
    </ClInclude>
    <ClInclude Include="Include\OpenEditor\OETemplatesPage.h">
      <Filter>Dialogs\Dialog headers</Filter>
    </ClInclude>
    <ClInclude Include="QueryTool\GridControl\CellRange.h">
      <Filter>GridControl\GridControl Headers</Filter>
    </ClInclude>
    <ClInclude Include="QueryTool\GridControl\GridCell.h">
      <Filter>GridControl\GridControl Headers</Filter>
    </ClInclude>
    <ClInclude Include="QueryTool\GridControl\GridCellBase.h">
      <Filter>GridControl\GridControl Headers</Filter>
    </ClInclude>
    <ClInclude Include="QueryTool\GridControl\GridCtrl.h">
      <Filter>GridControl\GridControl Headers</Filter>
    </ClInclude>
    <ClInclude Include="QueryTool\GridControl\GridDropTarget.h">
      <Filter>GridControl\GridControl Headers</Filter>
    </ClInclude>
    <ClInclude Include="QueryTool\GridControl\InPlaceEdit.h">
      <Filter>GridControl\GridControl Headers</Filter>
    </ClInclude>
    <ClInclude Include="QueryTool\GridControl\MemDC.h">
      <Filter>GridControl\GridControl Headers</Filter>
    </ClInclude>
    <ClInclude Include="QueryTool\GridControl\TitleTip.h">
      <Filter>GridControl\GridControl Headers</Filter>
    </ClInclude>
    <ClInclude Include="QueryTool\Query\GridView.h">
      <Filter>Query\Query Headers</Filter>
    </ClInclude>
    <ClInclude Include="QueryTool\Query\QueryBar.h">
      <Filter>Query\Query Headers</Filter>
    </ClInclude>
    <ClInclude Include="QueryTool\Query\QueryPanelWnd.h">
      <Filter>Query\Query Headers</Filter>
    </ClInclude>
    <ClInclude Include="QueryTool\Frame\ChildFrm.h">
      <Filter>Frame\Frame headers</Filter>
    </ClInclude>
    <ClInclude Include="QueryTool\Frame\ConnectionBar.h">
      <Filter>Frame\Frame headers</Filter>
    </ClInclude>
    <ClInclude Include="QueryTool\Frame\DirTreeCtrl.h">
      <Filter>Frame\Frame headers</Filter>
    </ClInclude>
    <ClInclude Include="Include\COMMON\DocManagerExt.h">
      <Filter>Frame\Frame headers</Filter>
    </ClInclude>
    <ClInclude Include="Include\COMMON\FakeRClick.h">
      <Filter>Frame\Frame headers</Filter>
    </ClInclude>
    <ClInclude Include="QueryTool\Frame\FileWatch.h">
      <Filter>Frame\Frame headers</Filter>
    </ClInclude>
    <ClInclude Include="QueryTool\Frame\MainFrm.h">
      <Filter>Frame\Frame headers</Filter>
    </ClInclude>
    <ClInclude Include="QueryTool\Frame\scbarcf.h">
      <Filter>Frame\Frame headers</Filter>
    </ClInclude>
    <ClInclude Include="QueryTool\Frame\scbarg.h">
      <Filter>Frame\Frame headers</Filter>
    </ClInclude>
    <ClInclude Include="QueryTool\Frame\sizecbar.h">
      <Filter>Frame\Frame headers</Filter>
    </ClInclude>
    <ClInclude Include="QueryTool\Frame\SortStringArray.h">
      <Filter>Frame\Frame headers</Filter>
    </ClInclude>
    <ClInclude Include="QueryTool\Frame\WinException.h">
      <Filter>Frame\Frame headers</Filter>
    </ClInclude>
    <ClInclude Include="Include\COMMON\WorkbookBar.h">
      <Filter>Frame\Frame headers</Filter>
    </ClInclude>
    <ClInclude Include="Include\COMMON\WorkbookMDIFrame.h">
      <Filter>Frame\Frame headers</Filter>
    </ClInclude>
    <ClInclude Include="QueryTool\Query\codeer.h">
      <Filter>Query\Query Headers</Filter>
    </ClInclude>
    <ClInclude Include="QueryTool\Query\NativeSQLDlg.h">
      <Filter>Query\Query Headers</Filter>
    </ClInclude>
    <ClInclude Include="QueryTool\Query\RebindDlg.h">
      <Filter>Query\Query Headers</Filter>
    </ClInclude>
    <ClInclude Include="QueryTool\Query\VariablesDlg.h">
      <Filter>Query\Query Headers</Filter>
    </ClInclude>
    <ClInclude Include="QueryTool\Include\Common\FilePanelWnd.h">
      <Filter>Frame\Frame headers</Filter>
    </ClInclude>
    <ClInclude Include="QueryTool\Frame\ObjectTree.h">
      <Filter>Frame\Frame headers</Filter>
    </ClInclude>
    <ClInclude Include="QueryTool\Frame\InfoTree.h">
      <Filter>Frame\Frame headers</Filter>
    </ClInclude>
    <ClInclude Include="QueryTool\Version.h">
      <Filter>Source Files\Header Files</Filter>
    </ClInclude>
    <ClInclude Include="Include\SQLComponents\BasicExcel.h">
      <Filter>Include</Filter>
    </ClInclude>
    <ClInclude Include="Include\SQLComponents\BasicXmlExcel.h">
      <Filter>Include</Filter>
    </ClInclude>
    <ClInclude Include="Include\SQLComponents\bcd.h">
      <Filter>Include</Filter>
    </ClInclude>
    <ClInclude Include="Include\SQLComponents\ConvertWideString.h">
      <Filter>Include</Filter>
    </ClInclude>
    <ClInclude Include="Include\SQLComponents\CrackURL.h">
      <Filter>Include</Filter>
    </ClInclude>
    <ClInclude Include="Include\SQLComponents\DDLCreateTable.h">
      <Filter>Include</Filter>
    </ClInclude>
    <ClInclude Include="Include\SQLComponents\DefuseBOM.h">
      <Filter>Include</Filter>
    </ClInclude>
    <ClInclude Include="Include\SQLComponents\ExcelFormat.h">
      <Filter>Include</Filter>
    </ClInclude>
    <ClInclude Include="Include\SQLComponents\FileBuffer.h">
      <Filter>Include</Filter>
    </ClInclude>
    <ClInclude Include="Include\SQLComponents\Locker.h">
      <Filter>Include</Filter>
    </ClInclude>
    <ClInclude Include="Include\SQLComponents\Namespace.h">
      <Filter>Include</Filter>
    </ClInclude>
    <ClInclude Include="Include\SQLComponents\SQLAssociation.h">
      <Filter>Include</Filter>
    </ClInclude>
    <ClInclude Include="Include\SQLComponents\SQLAutoDBS.h">
      <Filter>Include</Filter>
    </ClInclude>
    <ClInclude Include="Include\SQLComponents\SQLColumnInfo.h">
      <Filter>Include</Filter>
    </ClInclude>
    <ClInclude Include="Include\SQLComponents\SQLComponents.h">
      <Filter>Include</Filter>
    </ClInclude>
    <ClInclude Include="Include\SQLComponents\SQLComponentsVersion.h">
      <Filter>Include</Filter>
    </ClInclude>
    <ClInclude Include="Include\SQLComponents\SQLConnections.h">
      <Filter>Include</Filter>
    </ClInclude>
    <ClInclude Include="Include\SQLComponents\SQLDatabase.h">
      <Filter>Include</Filter>
    </ClInclude>
    <ClInclude Include="Include\SQLComponents\SQLDatabasePool.h">
      <Filter>Include</Filter>
    </ClInclude>
    <ClInclude Include="Include\SQLComponents\SQLDataSet.h">
      <Filter>Include</Filter>
    </ClInclude>
    <ClInclude Include="Include\SQLComponents\SQLDataSetXLS.h">
      <Filter>Include</Filter>
    </ClInclude>
    <ClInclude Include="Include\SQLComponents\SQLDate.h">
      <Filter>Include</Filter>
    </ClInclude>
    <ClInclude Include="Include\SQLComponents\SQLDriverManager.h">
      <Filter>Include</Filter>
    </ClInclude>
    <ClInclude Include="Include\SQLComponents\SQLError.h">
      <Filter>Include</Filter>
    </ClInclude>
    <ClInclude Include="Include\SQLComponents\SQLFilter.h">
      <Filter>Include</Filter>
    </ClInclude>
    <ClInclude Include="Include\SQLComponents\SQLFormatErrors.h">
      <Filter>Include</Filter>
    </ClInclude>
    <ClInclude Include="Include\SQLComponents\SQLFunction.h">
      <Filter>Include</Filter>
    </ClInclude>
    <ClInclude Include="Include\SQLComponents\SQLGetExePath.h">
      <Filter>Include</Filter>
    </ClInclude>
    <ClInclude Include="Include\SQLComponents\SQLGuid.h">
      <Filter>Include</Filter>
    </ClInclude>
    <ClInclude Include="Include\SQLComponents\SQLInfo.h">
      <Filter>Include</Filter>
    </ClInclude>
    <ClInclude Include="Include\SQLComponents\SQLInfoAccess.h">
      <Filter>Include</Filter>
    </ClInclude>
    <ClInclude Include="Include\SQLComponents\SQLInfoDB.h">
      <Filter>Include</Filter>
    </ClInclude>
    <ClInclude Include="Include\SQLComponents\SQLInfoFirebird.h">
      <Filter>Include</Filter>
    </ClInclude>
    <ClInclude Include="Include\SQLComponents\SQLInfoGenericODBC.h">
      <Filter>Include</Filter>
    </ClInclude>
    <ClInclude Include="Include\SQLComponents\SQLInfoInformix.h">
      <Filter>Include</Filter>
    </ClInclude>
    <ClInclude Include="Include\SQLComponents\SQLInfoMariaDB.h">
      <Filter>Include</Filter>
    </ClInclude>
    <ClInclude Include="Include\SQLComponents\SQLInfoMySQL.h">
      <Filter>Include</Filter>
    </ClInclude>
    <ClInclude Include="Include\SQLComponents\SQLInfoOracle.h">
      <Filter>Include</Filter>
    </ClInclude>
    <ClInclude Include="Include\SQLComponents\SQLInfoPostgreSQL.h">
      <Filter>Include</Filter>
    </ClInclude>
    <ClInclude Include="Include\SQLComponents\SQLInfoSQLServer.h">
      <Filter>Include</Filter>
    </ClInclude>
    <ClInclude Include="Include\SQLComponents\SQLInterval.h">
      <Filter>Include</Filter>
    </ClInclude>
    <ClInclude Include="Include\SQLComponents\SQLLanguage.h">
      <Filter>Include</Filter>
    </ClInclude>
    <ClInclude Include="Include\SQLComponents\SQLMemoryDebug.h">
      <Filter>Include</Filter>
    </ClInclude>
    <ClInclude Include="Include\SQLComponents\SQLMessage.h">
      <Filter>Include</Filter>
    </ClInclude>
    <ClInclude Include="Include\SQLComponents\SQLMetaInfo.h">
      <Filter>Include</Filter>
    </ClInclude>
    <ClInclude Include="Include\SQLComponents\SQLMutation.h">
      <Filter>Include</Filter>
    </ClInclude>
    <ClInclude Include="Include\SQLComponents\SQLOperator.h">
      <Filter>Include</Filter>
    </ClInclude>
    <ClInclude Include="Include\SQLComponents\SQLQuery.h">
      <Filter>Include</Filter>
    </ClInclude>
    <ClInclude Include="Include\SQLComponents\SQLRecord.h">
      <Filter>Include</Filter>
    </ClInclude>
    <ClInclude Include="Include\SQLComponents\SQLStatement.h">
      <Filter>Include</Filter>
    </ClInclude>
    <ClInclude Include="Include\SQLComponents\SQLTime.h">
      <Filter>Include</Filter>
    </ClInclude>
    <ClInclude Include="Include\SQLComponents\SQLTimestamp.h">
      <Filter>Include</Filter>
    </ClInclude>
    <ClInclude Include="Include\SQLComponents\SQLTimestampExtract.h">
      <Filter>Include</Filter>
    </ClInclude>
    <ClInclude Include="Include\SQLComponents\SQLTransaction.h">
      <Filter>Include</Filter>
    </ClInclude>
    <ClInclude Include="Include\SQLComponents\SQLVariant.h">
      <Filter>Include</Filter>
    </ClInclude>
    <ClInclude Include="Include\SQLComponents\SQLVariantFormat.h">
      <Filter>Include</Filter>
    </ClInclude>
    <ClInclude Include="Include\SQLComponents\SQLVariantOperator.h">
      <Filter>Include</Filter>
    </ClInclude>
    <ClInclude Include="Include\SQLComponents\SQLVariantTrim.h">
      <Filter>Include</Filter>
    </ClInclude>
    <ClInclude Include="Include\SQLComponents\SQLWrappers.h">
      <Filter>Include</Filter>
    </ClInclude>
    <ClInclude Include="Include\SQLComponents\stdafx.h">
      <Filter>Include</Filter>
    </ClInclude>
    <ClInclude Include="Include\SQLComponents\stdafx_org.h">
      <Filter>Include</Filter>
    </ClInclude>
    <ClInclude Include="Include\SQLComponents\StdException.h">
      <Filter>Include</Filter>
    </ClInclude>
    <ClInclude Include="Include\SQLComponents\targetver.h">
      <Filter>Include</Filter>
    </ClInclude>
    <ClInclude Include="Include\SQLComponents\unzip.h">
      <Filter>Include</Filter>
    </ClInclude>
    <ClInclude Include="Include\SQLComponents\xmem.h">
      <Filter>Include</Filter>
    </ClInclude>
    <ClInclude Include="Include\SQLComponents\XMLDataType.h">
      <Filter>Include</Filter>
    </ClInclude>
    <ClInclude Include="Include\SQLComponents\XMLMessage.h">
      <Filter>Include</Filter>
    </ClInclude>
    <ClInclude Include="Include\SQLComponents\XMLParser.h">
      <Filter>Include</Filter>
    </ClInclude>
    <ClInclude Include="Include\SQLComponents\XMLRestriction.h">
      <Filter>Include</Filter>
    </ClInclude>
    <ClInclude Include="Include\SQLComponents\XMLTemporal.h">
      <Filter>Include</Filter>
    </ClInclude>
  </ItemGroup>
  <ItemGroup>
    <None Include="OpenEditor.rh">
      <Filter>Source Files\Header Files</Filter>
    </None>
    <None Include="_Data\languages.dat">
      <Filter>Data</Filter>
    </None>
    <None Include="_Data\settings.dat">
      <Filter>Data</Filter>
    </None>
    <None Include="_Data\templates.dat">
      <Filter>Data</Filter>
    </None>
    <None Include="Data\context.keymap">
      <Filter>Keymap files</Filter>
    </None>
    <None Include="Data\custom.keymap">
      <Filter>Keymap files</Filter>
    </None>
    <None Include="Data\default.keymap">
      <Filter>Keymap files</Filter>
    </None>
    <None Include="Data\editplus2.keymap">
      <Filter>Keymap files</Filter>
    </None>
    <None Include="Data\textpad.keymap">
      <Filter>Keymap files</Filter>
    </None>
    <None Include="Data\ultraedit.keymap">
      <Filter>Keymap files</Filter>
    </None>
    <None Include="Installer\Installer_Algemeen.nsh">
      <Filter>Installation files</Filter>
    </None>
    <None Include="Installer\Installer_64bits\Installer_64Bits.nsi">
      <Filter>Installation files</Filter>
    </None>
    <None Include="Installer\Installer_32bits\Installer_32Bits.nsi">
      <Filter>Installation files</Filter>
    </None>
    <None Include="QueryTool\res\OpenQuery.rc2">
      <Filter>Resource Files</Filter>
    </None>
  </ItemGroup>
  <ItemGroup>
    <Image Include="res\add.ico">
      <Filter>Resource Files</Filter>
    </Image>
    <Image Include="res\bmp00006.bmp">
      <Filter>Resource Files</Filter>
    </Image>
    <Image Include="QueryTool\res\bmp00006.bmp">
      <Filter>Resource Files</Filter>
    </Image>
    <Image Include="res\border_b.bmp">
      <Filter>Resource Files</Filter>
    </Image>
    <Image Include="res\connectb.bmp">
      <Filter>Resource Files</Filter>
    </Image>
    <Image Include="QueryTool\res\connectb.bmp">
      <Filter>Resource Files</Filter>
    </Image>
    <Image Include="res\database.bmp">
      <Filter>Resource Files</Filter>
    </Image>
    <Image Include="QueryTool\res\database.bmp">
      <Filter>Resource Files</Filter>
    </Image>
    <Image Include="res\down.ico">
      <Filter>Resource Files</Filter>
    </Image>
    <Image Include="QueryTool\res\error.ico">
      <Filter>Resource Files</Filter>
    </Image>
    <Image Include="res\error.ico">
      <Filter>Resource Files</Filter>
    </Image>
    <Image Include="QueryTool\res\explorer_state_list.bmp">
      <Filter>Resource Files</Filter>
    </Image>
    <Image Include="res\explorer_state_list.bmp">
      <Filter>Resource Files</Filter>
    </Image>
    <Image Include="res\ico00001.ico">
      <Filter>Resource Files</Filter>
    </Image>
    <Image Include="QueryTool\res\ico00001.ico">
      <Filter>Resource Files</Filter>
    </Image>
    <Image Include="QueryTool\res\ico00002.ico">
      <Filter>Resource Files</Filter>
    </Image>
    <Image Include="res\ico00002.ico">
      <Filter>Resource Files</Filter>
    </Image>
    <Image Include="QueryTool\res\icon1.ico">
      <Filter>Resource Files</Filter>
    </Image>
    <Image Include="res\icon1.ico">
      <Filter>Resource Files</Filter>
    </Image>
    <Image Include="QueryTool\res\OpenQueryDoc.ico">
      <Filter>Resource Files</Filter>
    </Image>
    <Image Include="res\OpenQueryDoc.ico">
      <Filter>Resource Files</Filter>
    </Image>
    <Image Include="QueryTool\res\Query.ico">
      <Filter>Resource Files</Filter>
    </Image>
    <Image Include="res\QUERY.ICO">
      <Filter>Resource Files</Filter>
    </Image>
    <Image Include="QueryTool\res\querybar.bmp">
      <Filter>Resource Files</Filter>
    </Image>
    <Image Include="res\querybar.bmp">
      <Filter>Resource Files</Filter>
    </Image>
    <Image Include="res\querysta.bmp">
      <Filter>Resource Files</Filter>
    </Image>
    <Image Include="QueryTool\res\querysta.bmp">
      <Filter>Resource Files</Filter>
    </Image>
    <Image Include="res\remove.ico">
      <Filter>Resource Files</Filter>
    </Image>
    <Image Include="res\Toolbar.bmp">
      <Filter>Resource Files</Filter>
    </Image>
    <Image Include="res\toolbar1.bmp">
      <Filter>Resource Files</Filter>
    </Image>
    <Image Include="res\up.ico">
      <Filter>Resource Files</Filter>
    </Image>
    <Image Include="QueryTool\res\bitmap1.bmp">
      <Filter>Resource Files</Filter>
    </Image>
    <Image Include="QueryTool\res\rdbms_objects.bmp">
      <Filter>Resource Files</Filter>
    </Image>
  </ItemGroup>
  <ItemGroup>
    <ResourceCompile Include="QueryTool\OpenQuery.rc">
      <Filter>Resource Files</Filter>
    </ResourceCompile>
  </ItemGroup>
  <ItemGroup>
    <Text Include="bugs.txt">
      <Filter>Installation files</Filter>
    </Text>
    <Text Include="license.txt">
      <Filter>Installation files</Filter>
    </Text>
    <Text Include="plan.txt">
      <Filter>Installation files</Filter>
    </Text>
    <Text Include="readme.txt">
      <Filter>Installation files</Filter>
    </Text>
    <Text Include="script_syntax.txt">
      <Filter>Installation files</Filter>
    </Text>
  </ItemGroup>
</Project>