
Microsoft Visual Studio Solution File, Format Version 12.00
# Visual Studio Version 17
VisualStudioVersion = 17.1.32319.34
MinimumVisualStudioVersion = 10.0.40219.1
Project("{8BC9CEB8-8B4A-11D0-8D11-00A0C91BC942}") = "QueryTool", "QueryTool\QueryTool.vcxproj", "{F7E4D3BD-6248-493C-9DFB-94C33B0BD1E2}"
	ProjectSection(ProjectDependencies) = postProject
		{0E56E030-9CDD-47A7-B580-DCD4E103F968} = {0E56E030-9CDD-47A7-B580-DCD4E103F968}
		{2364C44B-2E4D-4631-A050-B47509AFBC82} = {2364C44B-2E4D-4631-A050-B47509AFBC82}
		{9DDAC601-CBD3-4583-AE16-308EBD39AAAD} = {9DDAC601-CBD3-4583-AE16-308EBD39AAAD}
	EndProjectSection
EndProject
Project("{8BC9CEB8-8B4A-11D0-8D11-00A0C91BC942}") = "SQLComponents", "SQLComponents\SQLComponents.vcxproj", "{0E56E030-9CDD-47A7-B580-DCD4E103F968}"
EndProject
Project("{8BC9CEB8-8B4A-11D0-8D11-00A0C91BC942}") = "StyleFramework", "StyleFrameWork\StyleFrameWork.vcxproj", "{9DDAC601-CBD3-4583-AE16-308EBD39AAAD}"
EndProject
Project("{8BC9CEB8-8B4A-11D0-8D11-00A0C91BC942}") = "ReferenceGuide", "ReferenceGuide\ReferenceGuide.vcxproj", "{79A5F0D1-81B9-4762-B32D-9EF7EE305DEE}"
EndProject
Project("{8BC9CEB8-8B4A-11D0-8D11-00A0C91BC942}") = "Installer", "Installer\Installer.vcxproj", "{3F84E4DF-B785-4179-855B-8733225EFE3D}"
	ProjectSection(ProjectDependencies) = postProject
		{5F16ED87-9E0C-4980-80D0-79D39A94D8C3} = {5F16ED87-9E0C-4980-80D0-79D39A94D8C3}
		{735F04DA-B210-40A0-BA5A-E58D8896E181} = {735F04DA-B210-40A0-BA5A-E58D8896E181}
		{79A5F0D1-81B9-4762-B32D-9EF7EE305DEE} = {79A5F0D1-81B9-4762-B32D-9EF7EE305DEE}
		{F7E4D3BD-6248-493C-9DFB-94C33B0BD1E2} = {F7E4D3BD-6248-493C-9DFB-94C33B0BD1E2}
	EndProjectSection
EndProject
Project("{8BC9CEB8-8B4A-11D0-8D11-00A0C91BC942}") = "BaseLibrary", "BaseLibrary\BaseLibrary.vcxproj", "{2364C44B-2E4D-4631-A050-B47509AFBC82}"
EndProject
Project("{2150E333-8FDC-42A3-9474-1A3956D46DE8}") = "Solution files", "Solution files", "{D5364850-013F-4713-8F8C-E65D1AFEB893}"
	ProjectSection(SolutionItems) = preProject
		.gitignore = .gitignore
		framework.h = framework.h
		license.rtf = license.rtf
		plan.txt = plan.txt
		prune.cmd = prune.cmd
		readme.txt = readme.txt
		script_syntax.txt = script_syntax.txt
		sourceclean.bat = sourceclean.bat
	EndProjectSection
EndProject
Project("{8BC9CEB8-8B4A-11D0-8D11-00A0C91BC942}") = "SQLMigrate", "SQLMigrate\SQLMigrate.vcxproj", "{5F16ED87-9E0C-4980-80D0-79D39A94D8C3}"
	ProjectSection(ProjectDependencies) = postProject
		{0E56E030-9CDD-47A7-B580-DCD4E103F968} = {0E56E030-9CDD-47A7-B580-DCD4E103F968}
		{2364C44B-2E4D-4631-A050-B47509AFBC82} = {2364C44B-2E4D-4631-A050-B47509AFBC82}
		{9DDAC601-CBD3-4583-AE16-308EBD39AAAD} = {9DDAC601-CBD3-4583-AE16-308EBD39AAAD}
	EndProjectSection
EndProject
Project("{8BC9CEB8-8B4A-11D0-8D11-00A0C91BC942}") = "QueryReWriter", "QueryReWriter\QueryReWriter.vcxproj", "{735F04DA-B210-40A0-BA5A-E58D8896E181}"
	ProjectSection(ProjectDependencies) = postProject
		{0E56E030-9CDD-47A7-B580-DCD4E103F968} = {0E56E030-9CDD-47A7-B580-DCD4E103F968}
		{2364C44B-2E4D-4631-A050-B47509AFBC82} = {2364C44B-2E4D-4631-A050-B47509AFBC82}
		{9DDAC601-CBD3-4583-AE16-308EBD39AAAD} = {9DDAC601-CBD3-4583-AE16-308EBD39AAAD}
	EndProjectSection
EndProject
Global
	GlobalSection(SolutionConfigurationPlatforms) = preSolution
		Debug|Win32 = Debug|Win32
		Debug|x64 = Debug|x64
		Debug|x86 = Debug|x86
		DebugUnicode|Win32 = DebugUnicode|Win32
		DebugUnicode|x64 = DebugUnicode|x64
		DebugUnicode|x86 = DebugUnicode|x86
		Release|Win32 = Release|Win32
		Release|x64 = Release|x64
		Release|x86 = Release|x86
		ReleaseUnicode|Win32 = ReleaseUnicode|Win32
		ReleaseUnicode|x64 = ReleaseUnicode|x64
		ReleaseUnicode|x86 = ReleaseUnicode|x86
	EndGlobalSection
	GlobalSection(ProjectConfigurationPlatforms) = postSolution
		{F7E4D3BD-6248-493C-9DFB-94C33B0BD1E2}.Debug|Win32.ActiveCfg = Debug|Win32
		{F7E4D3BD-6248-493C-9DFB-94C33B0BD1E2}.Debug|Win32.Build.0 = Debug|Win32
		{F7E4D3BD-6248-493C-9DFB-94C33B0BD1E2}.Debug|x64.ActiveCfg = Debug|x64
		{F7E4D3BD-6248-493C-9DFB-94C33B0BD1E2}.Debug|x64.Build.0 = Debug|x64
		{F7E4D3BD-6248-493C-9DFB-94C33B0BD1E2}.Debug|x86.ActiveCfg = Debug|Win32
		{F7E4D3BD-6248-493C-9DFB-94C33B0BD1E2}.Debug|x86.Build.0 = Debug|Win32
		{F7E4D3BD-6248-493C-9DFB-94C33B0BD1E2}.DebugUnicode|Win32.ActiveCfg = Debug|Win32
		{F7E4D3BD-6248-493C-9DFB-94C33B0BD1E2}.DebugUnicode|Win32.Build.0 = Debug|Win32
		{F7E4D3BD-6248-493C-9DFB-94C33B0BD1E2}.DebugUnicode|x64.ActiveCfg = DebugUnicode|x64
		{F7E4D3BD-6248-493C-9DFB-94C33B0BD1E2}.DebugUnicode|x64.Build.0 = DebugUnicode|x64
		{F7E4D3BD-6248-493C-9DFB-94C33B0BD1E2}.DebugUnicode|x86.ActiveCfg = Debug|Win32
		{F7E4D3BD-6248-493C-9DFB-94C33B0BD1E2}.DebugUnicode|x86.Build.0 = Debug|Win32
		{F7E4D3BD-6248-493C-9DFB-94C33B0BD1E2}.Release|Win32.ActiveCfg = Release|Win32
		{F7E4D3BD-6248-493C-9DFB-94C33B0BD1E2}.Release|Win32.Build.0 = Release|Win32
		{F7E4D3BD-6248-493C-9DFB-94C33B0BD1E2}.Release|x64.ActiveCfg = Release|x64
		{F7E4D3BD-6248-493C-9DFB-94C33B0BD1E2}.Release|x64.Build.0 = Release|x64
		{F7E4D3BD-6248-493C-9DFB-94C33B0BD1E2}.Release|x86.ActiveCfg = Release|Win32
		{F7E4D3BD-6248-493C-9DFB-94C33B0BD1E2}.Release|x86.Build.0 = Release|Win32
		{F7E4D3BD-6248-493C-9DFB-94C33B0BD1E2}.ReleaseUnicode|Win32.ActiveCfg = Release|Win32
		{F7E4D3BD-6248-493C-9DFB-94C33B0BD1E2}.ReleaseUnicode|Win32.Build.0 = Release|Win32
		{F7E4D3BD-6248-493C-9DFB-94C33B0BD1E2}.ReleaseUnicode|x64.ActiveCfg = Release|x64
		{F7E4D3BD-6248-493C-9DFB-94C33B0BD1E2}.ReleaseUnicode|x64.Build.0 = Release|x64
		{F7E4D3BD-6248-493C-9DFB-94C33B0BD1E2}.ReleaseUnicode|x86.ActiveCfg = Release|Win32
		{F7E4D3BD-6248-493C-9DFB-94C33B0BD1E2}.ReleaseUnicode|x86.Build.0 = Release|Win32
		{0E56E030-9CDD-47A7-B580-DCD4E103F968}.Debug|Win32.ActiveCfg = Debug|Win32
		{0E56E030-9CDD-47A7-B580-DCD4E103F968}.Debug|Win32.Build.0 = Debug|Win32
		{0E56E030-9CDD-47A7-B580-DCD4E103F968}.Debug|x64.ActiveCfg = Debug|x64
		{0E56E030-9CDD-47A7-B580-DCD4E103F968}.Debug|x64.Build.0 = Debug|x64
		{0E56E030-9CDD-47A7-B580-DCD4E103F968}.Debug|x86.ActiveCfg = Debug|Win32
		{0E56E030-9CDD-47A7-B580-DCD4E103F968}.Debug|x86.Build.0 = Debug|Win32
		{0E56E030-9CDD-47A7-B580-DCD4E103F968}.DebugUnicode|Win32.ActiveCfg = Debug|Win32
		{0E56E030-9CDD-47A7-B580-DCD4E103F968}.DebugUnicode|Win32.Build.0 = Debug|Win32
		{0E56E030-9CDD-47A7-B580-DCD4E103F968}.DebugUnicode|x64.ActiveCfg = DebugUnicode|x64
		{0E56E030-9CDD-47A7-B580-DCD4E103F968}.DebugUnicode|x64.Build.0 = DebugUnicode|x64
		{0E56E030-9CDD-47A7-B580-DCD4E103F968}.DebugUnicode|x86.ActiveCfg = Debug|Win32
		{0E56E030-9CDD-47A7-B580-DCD4E103F968}.DebugUnicode|x86.Build.0 = Debug|Win32
		{0E56E030-9CDD-47A7-B580-DCD4E103F968}.Release|Win32.ActiveCfg = Release|Win32
		{0E56E030-9CDD-47A7-B580-DCD4E103F968}.Release|Win32.Build.0 = Release|Win32
		{0E56E030-9CDD-47A7-B580-DCD4E103F968}.Release|x64.ActiveCfg = Release|x64
		{0E56E030-9CDD-47A7-B580-DCD4E103F968}.Release|x64.Build.0 = Release|x64
		{0E56E030-9CDD-47A7-B580-DCD4E103F968}.Release|x86.ActiveCfg = Release|Win32
		{0E56E030-9CDD-47A7-B580-DCD4E103F968}.Release|x86.Build.0 = Release|Win32
		{0E56E030-9CDD-47A7-B580-DCD4E103F968}.ReleaseUnicode|Win32.ActiveCfg = ReleaseUnicode|Win32
		{0E56E030-9CDD-47A7-B580-DCD4E103F968}.ReleaseUnicode|Win32.Build.0 = ReleaseUnicode|Win32
		{0E56E030-9CDD-47A7-B580-DCD4E103F968}.ReleaseUnicode|x64.ActiveCfg = ReleaseUnicode|x64
		{0E56E030-9CDD-47A7-B580-DCD4E103F968}.ReleaseUnicode|x64.Build.0 = ReleaseUnicode|x64
		{0E56E030-9CDD-47A7-B580-DCD4E103F968}.ReleaseUnicode|x86.ActiveCfg = Release|Win32
		{0E56E030-9CDD-47A7-B580-DCD4E103F968}.ReleaseUnicode|x86.Build.0 = Release|Win32
		{9DDAC601-CBD3-4583-AE16-308EBD39AAAD}.Debug|Win32.ActiveCfg = Debug|Win32
		{9DDAC601-CBD3-4583-AE16-308EBD39AAAD}.Debug|Win32.Build.0 = Debug|Win32
		{9DDAC601-CBD3-4583-AE16-308EBD39AAAD}.Debug|x64.ActiveCfg = Debug|x64
		{9DDAC601-CBD3-4583-AE16-308EBD39AAAD}.Debug|x64.Build.0 = Debug|x64
		{9DDAC601-CBD3-4583-AE16-308EBD39AAAD}.Debug|x86.ActiveCfg = Debug|Win32
		{9DDAC601-CBD3-4583-AE16-308EBD39AAAD}.Debug|x86.Build.0 = Debug|Win32
		{9DDAC601-CBD3-4583-AE16-308EBD39AAAD}.DebugUnicode|Win32.ActiveCfg = Debug|Win32
		{9DDAC601-CBD3-4583-AE16-308EBD39AAAD}.DebugUnicode|Win32.Build.0 = Debug|Win32
		{9DDAC601-CBD3-4583-AE16-308EBD39AAAD}.DebugUnicode|x64.ActiveCfg = UnicodeDebug|x64
		{9DDAC601-CBD3-4583-AE16-308EBD39AAAD}.DebugUnicode|x64.Build.0 = UnicodeDebug|x64
		{9DDAC601-CBD3-4583-AE16-308EBD39AAAD}.DebugUnicode|x86.ActiveCfg = Debug|Win32
		{9DDAC601-CBD3-4583-AE16-308EBD39AAAD}.DebugUnicode|x86.Build.0 = Debug|Win32
		{9DDAC601-CBD3-4583-AE16-308EBD39AAAD}.Release|Win32.ActiveCfg = Release|Win32
		{9DDAC601-CBD3-4583-AE16-308EBD39AAAD}.Release|Win32.Build.0 = Release|Win32
		{9DDAC601-CBD3-4583-AE16-308EBD39AAAD}.Release|x64.ActiveCfg = Release|x64
		{9DDAC601-CBD3-4583-AE16-308EBD39AAAD}.Release|x64.Build.0 = Release|x64
		{9DDAC601-CBD3-4583-AE16-308EBD39AAAD}.Release|x86.ActiveCfg = Release|Win32
		{9DDAC601-CBD3-4583-AE16-308EBD39AAAD}.Release|x86.Build.0 = Release|Win32
		{9DDAC601-CBD3-4583-AE16-308EBD39AAAD}.ReleaseUnicode|Win32.ActiveCfg = UnicodeRelease|Win32
		{9DDAC601-CBD3-4583-AE16-308EBD39AAAD}.ReleaseUnicode|Win32.Build.0 = UnicodeRelease|Win32
		{9DDAC601-CBD3-4583-AE16-308EBD39AAAD}.ReleaseUnicode|x64.ActiveCfg = UnicodeRelease|x64
		{9DDAC601-CBD3-4583-AE16-308EBD39AAAD}.ReleaseUnicode|x64.Build.0 = UnicodeRelease|x64
		{9DDAC601-CBD3-4583-AE16-308EBD39AAAD}.ReleaseUnicode|x86.ActiveCfg = Release|Win32
		{9DDAC601-CBD3-4583-AE16-308EBD39AAAD}.ReleaseUnicode|x86.Build.0 = Release|Win32
		{79A5F0D1-81B9-4762-B32D-9EF7EE305DEE}.Debug|Win32.ActiveCfg = Debug|Win32
		{79A5F0D1-81B9-4762-B32D-9EF7EE305DEE}.Debug|Win32.Build.0 = Debug|Win32
		{79A5F0D1-81B9-4762-B32D-9EF7EE305DEE}.Debug|x64.ActiveCfg = Debug|x64
		{79A5F0D1-81B9-4762-B32D-9EF7EE305DEE}.Debug|x64.Build.0 = Debug|x64
		{79A5F0D1-81B9-4762-B32D-9EF7EE305DEE}.Debug|x86.ActiveCfg = Debug|Win32
		{79A5F0D1-81B9-4762-B32D-9EF7EE305DEE}.Debug|x86.Build.0 = Debug|Win32
		{79A5F0D1-81B9-4762-B32D-9EF7EE305DEE}.DebugUnicode|Win32.ActiveCfg = Debug|Win32
		{79A5F0D1-81B9-4762-B32D-9EF7EE305DEE}.DebugUnicode|Win32.Build.0 = Debug|Win32
		{79A5F0D1-81B9-4762-B32D-9EF7EE305DEE}.DebugUnicode|x64.ActiveCfg = Debug|x64
		{79A5F0D1-81B9-4762-B32D-9EF7EE305DEE}.DebugUnicode|x64.Build.0 = Debug|x64
		{79A5F0D1-81B9-4762-B32D-9EF7EE305DEE}.DebugUnicode|x86.ActiveCfg = Debug|Win32
		{79A5F0D1-81B9-4762-B32D-9EF7EE305DEE}.DebugUnicode|x86.Build.0 = Debug|Win32
		{79A5F0D1-81B9-4762-B32D-9EF7EE305DEE}.Release|Win32.ActiveCfg = Release|Win32
		{79A5F0D1-81B9-4762-B32D-9EF7EE305DEE}.Release|Win32.Build.0 = Release|Win32
		{79A5F0D1-81B9-4762-B32D-9EF7EE305DEE}.Release|x64.ActiveCfg = Release|x64
		{79A5F0D1-81B9-4762-B32D-9EF7EE305DEE}.Release|x64.Build.0 = Release|x64
		{79A5F0D1-81B9-4762-B32D-9EF7EE305DEE}.Release|x86.ActiveCfg = Release|Win32
		{79A5F0D1-81B9-4762-B32D-9EF7EE305DEE}.Release|x86.Build.0 = Release|Win32
		{79A5F0D1-81B9-4762-B32D-9EF7EE305DEE}.ReleaseUnicode|Win32.ActiveCfg = Release|Win32
		{79A5F0D1-81B9-4762-B32D-9EF7EE305DEE}.ReleaseUnicode|Win32.Build.0 = Release|Win32
		{79A5F0D1-81B9-4762-B32D-9EF7EE305DEE}.ReleaseUnicode|x64.ActiveCfg = Release|x64
		{79A5F0D1-81B9-4762-B32D-9EF7EE305DEE}.ReleaseUnicode|x64.Build.0 = Release|x64
		{79A5F0D1-81B9-4762-B32D-9EF7EE305DEE}.ReleaseUnicode|x86.ActiveCfg = Release|Win32
		{79A5F0D1-81B9-4762-B32D-9EF7EE305DEE}.ReleaseUnicode|x86.Build.0 = Release|Win32
		{3F84E4DF-B785-4179-855B-8733225EFE3D}.Debug|Win32.ActiveCfg = Debug|Win32
		{3F84E4DF-B785-4179-855B-8733225EFE3D}.Debug|Win32.Build.0 = Debug|Win32
		{3F84E4DF-B785-4179-855B-8733225EFE3D}.Debug|x64.ActiveCfg = Debug|x64
		{3F84E4DF-B785-4179-855B-8733225EFE3D}.Debug|x64.Build.0 = Debug|x64
		{3F84E4DF-B785-4179-855B-8733225EFE3D}.Debug|x86.ActiveCfg = Debug|Win32
		{3F84E4DF-B785-4179-855B-8733225EFE3D}.Debug|x86.Build.0 = Debug|Win32
		{3F84E4DF-B785-4179-855B-8733225EFE3D}.DebugUnicode|Win32.ActiveCfg = Debug|Win32
		{3F84E4DF-B785-4179-855B-8733225EFE3D}.DebugUnicode|Win32.Build.0 = Debug|Win32
		{3F84E4DF-B785-4179-855B-8733225EFE3D}.DebugUnicode|x64.ActiveCfg = DebugUnicode|x64
		{3F84E4DF-B785-4179-855B-8733225EFE3D}.DebugUnicode|x64.Build.0 = DebugUnicode|x64
		{3F84E4DF-B785-4179-855B-8733225EFE3D}.DebugUnicode|x86.ActiveCfg = Debug|Win32
		{3F84E4DF-B785-4179-855B-8733225EFE3D}.DebugUnicode|x86.Build.0 = Debug|Win32
		{3F84E4DF-B785-4179-855B-8733225EFE3D}.Release|Win32.ActiveCfg = Release|Win32
		{3F84E4DF-B785-4179-855B-8733225EFE3D}.Release|Win32.Build.0 = Release|Win32
		{3F84E4DF-B785-4179-855B-8733225EFE3D}.Release|x64.ActiveCfg = Release|x64
		{3F84E4DF-B785-4179-855B-8733225EFE3D}.Release|x64.Build.0 = Release|x64
		{3F84E4DF-B785-4179-855B-8733225EFE3D}.Release|x86.ActiveCfg = Release|Win32
		{3F84E4DF-B785-4179-855B-8733225EFE3D}.Release|x86.Build.0 = Release|Win32
		{3F84E4DF-B785-4179-855B-8733225EFE3D}.ReleaseUnicode|Win32.ActiveCfg = Release|Win32
		{3F84E4DF-B785-4179-855B-8733225EFE3D}.ReleaseUnicode|Win32.Build.0 = Release|Win32
		{3F84E4DF-B785-4179-855B-8733225EFE3D}.ReleaseUnicode|x64.ActiveCfg = Release|x64
		{3F84E4DF-B785-4179-855B-8733225EFE3D}.ReleaseUnicode|x64.Build.0 = Release|x64
		{3F84E4DF-B785-4179-855B-8733225EFE3D}.ReleaseUnicode|x86.ActiveCfg = Release|Win32
		{3F84E4DF-B785-4179-855B-8733225EFE3D}.ReleaseUnicode|x86.Build.0 = Release|Win32
		{2364C44B-2E4D-4631-A050-B47509AFBC82}.Debug|Win32.ActiveCfg = Debug|Win32
		{2364C44B-2E4D-4631-A050-B47509AFBC82}.Debug|Win32.Build.0 = Debug|Win32
		{2364C44B-2E4D-4631-A050-B47509AFBC82}.Debug|x64.ActiveCfg = Debug|x64
		{2364C44B-2E4D-4631-A050-B47509AFBC82}.Debug|x64.Build.0 = Debug|x64
		{2364C44B-2E4D-4631-A050-B47509AFBC82}.Debug|x86.ActiveCfg = Debug|Win32
		{2364C44B-2E4D-4631-A050-B47509AFBC82}.Debug|x86.Build.0 = Debug|Win32
		{2364C44B-2E4D-4631-A050-B47509AFBC82}.DebugUnicode|Win32.ActiveCfg = Debug|Win32
		{2364C44B-2E4D-4631-A050-B47509AFBC82}.DebugUnicode|Win32.Build.0 = Debug|Win32
		{2364C44B-2E4D-4631-A050-B47509AFBC82}.DebugUnicode|x64.ActiveCfg = DebugUnicode|x64
		{2364C44B-2E4D-4631-A050-B47509AFBC82}.DebugUnicode|x64.Build.0 = DebugUnicode|x64
		{2364C44B-2E4D-4631-A050-B47509AFBC82}.DebugUnicode|x86.ActiveCfg = Debug|Win32
		{2364C44B-2E4D-4631-A050-B47509AFBC82}.DebugUnicode|x86.Build.0 = Debug|Win32
		{2364C44B-2E4D-4631-A050-B47509AFBC82}.Release|Win32.ActiveCfg = Release|Win32
		{2364C44B-2E4D-4631-A050-B47509AFBC82}.Release|Win32.Build.0 = Release|Win32
		{2364C44B-2E4D-4631-A050-B47509AFBC82}.Release|x64.ActiveCfg = Release|x64
		{2364C44B-2E4D-4631-A050-B47509AFBC82}.Release|x64.Build.0 = Release|x64
		{2364C44B-2E4D-4631-A050-B47509AFBC82}.Release|x86.ActiveCfg = Release|Win32
		{2364C44B-2E4D-4631-A050-B47509AFBC82}.Release|x86.Build.0 = Release|Win32
		{2364C44B-2E4D-4631-A050-B47509AFBC82}.ReleaseUnicode|Win32.ActiveCfg = ReleaseUnicode|Win32
		{2364C44B-2E4D-4631-A050-B47509AFBC82}.ReleaseUnicode|Win32.Build.0 = ReleaseUnicode|Win32
		{2364C44B-2E4D-4631-A050-B47509AFBC82}.ReleaseUnicode|x64.ActiveCfg = ReleaseUnicode|x64
		{2364C44B-2E4D-4631-A050-B47509AFBC82}.ReleaseUnicode|x64.Build.0 = ReleaseUnicode|x64
		{2364C44B-2E4D-4631-A050-B47509AFBC82}.ReleaseUnicode|x86.ActiveCfg = Release|Win32
		{2364C44B-2E4D-4631-A050-B47509AFBC82}.ReleaseUnicode|x86.Build.0 = Release|Win32
		{5F16ED87-9E0C-4980-80D0-79D39A94D8C3}.Debug|Win32.ActiveCfg = Debug|Win32
		{5F16ED87-9E0C-4980-80D0-79D39A94D8C3}.Debug|Win32.Build.0 = Debug|Win32
		{5F16ED87-9E0C-4980-80D0-79D39A94D8C3}.Debug|x64.ActiveCfg = Debug|x64
		{5F16ED87-9E0C-4980-80D0-79D39A94D8C3}.Debug|x64.Build.0 = Debug|x64
		{5F16ED87-9E0C-4980-80D0-79D39A94D8C3}.Debug|x86.ActiveCfg = Debug|Win32
		{5F16ED87-9E0C-4980-80D0-79D39A94D8C3}.Debug|x86.Build.0 = Debug|Win32
		{5F16ED87-9E0C-4980-80D0-79D39A94D8C3}.DebugUnicode|Win32.ActiveCfg = Debug|Win32
		{5F16ED87-9E0C-4980-80D0-79D39A94D8C3}.DebugUnicode|Win32.Build.0 = Debug|Win32
		{5F16ED87-9E0C-4980-80D0-79D39A94D8C3}.DebugUnicode|x64.ActiveCfg = DebugUnicode|x64
		{5F16ED87-9E0C-4980-80D0-79D39A94D8C3}.DebugUnicode|x64.Build.0 = DebugUnicode|x64
		{5F16ED87-9E0C-4980-80D0-79D39A94D8C3}.DebugUnicode|x86.ActiveCfg = Debug|Win32
		{5F16ED87-9E0C-4980-80D0-79D39A94D8C3}.DebugUnicode|x86.Build.0 = Debug|Win32
		{5F16ED87-9E0C-4980-80D0-79D39A94D8C3}.Release|Win32.ActiveCfg = Release|Win32
		{5F16ED87-9E0C-4980-80D0-79D39A94D8C3}.Release|Win32.Build.0 = Release|Win32
		{5F16ED87-9E0C-4980-80D0-79D39A94D8C3}.Release|x64.ActiveCfg = Release|x64
		{5F16ED87-9E0C-4980-80D0-79D39A94D8C3}.Release|x64.Build.0 = Release|x64
		{5F16ED87-9E0C-4980-80D0-79D39A94D8C3}.Release|x86.ActiveCfg = Release|Win32
		{5F16ED87-9E0C-4980-80D0-79D39A94D8C3}.Release|x86.Build.0 = Release|Win32
		{5F16ED87-9E0C-4980-80D0-79D39A94D8C3}.ReleaseUnicode|Win32.ActiveCfg = Release|Win32
		{5F16ED87-9E0C-4980-80D0-79D39A94D8C3}.ReleaseUnicode|Win32.Build.0 = Release|Win32
		{5F16ED87-9E0C-4980-80D0-79D39A94D8C3}.ReleaseUnicode|x64.ActiveCfg = ReleaseUnicode|x64
		{5F16ED87-9E0C-4980-80D0-79D39A94D8C3}.ReleaseUnicode|x64.Build.0 = ReleaseUnicode|x64
		{5F16ED87-9E0C-4980-80D0-79D39A94D8C3}.ReleaseUnicode|x86.ActiveCfg = Release|Win32
		{5F16ED87-9E0C-4980-80D0-79D39A94D8C3}.ReleaseUnicode|x86.Build.0 = Release|Win32
		{735F04DA-B210-40A0-BA5A-E58D8896E181}.Debug|Win32.ActiveCfg = Debug|Win32
		{735F04DA-B210-40A0-BA5A-E58D8896E181}.Debug|Win32.Build.0 = Debug|Win32
		{735F04DA-B210-40A0-BA5A-E58D8896E181}.Debug|x64.ActiveCfg = Debug|x64
		{735F04DA-B210-40A0-BA5A-E58D8896E181}.Debug|x64.Build.0 = Debug|x64
		{735F04DA-B210-40A0-BA5A-E58D8896E181}.Debug|x86.ActiveCfg = Debug|Win32
		{735F04DA-B210-40A0-BA5A-E58D8896E181}.Debug|x86.Build.0 = Debug|Win32
		{735F04DA-B210-40A0-BA5A-E58D8896E181}.DebugUnicode|Win32.ActiveCfg = Debug|Win32
		{735F04DA-B210-40A0-BA5A-E58D8896E181}.DebugUnicode|Win32.Build.0 = Debug|Win32
		{735F04DA-B210-40A0-BA5A-E58D8896E181}.DebugUnicode|x64.ActiveCfg = DebugUnicode|x64
		{735F04DA-B210-40A0-BA5A-E58D8896E181}.DebugUnicode|x64.Build.0 = DebugUnicode|x64
		{735F04DA-B210-40A0-BA5A-E58D8896E181}.DebugUnicode|x86.ActiveCfg = Debug|Win32
		{735F04DA-B210-40A0-BA5A-E58D8896E181}.DebugUnicode|x86.Build.0 = Debug|Win32
		{735F04DA-B210-40A0-BA5A-E58D8896E181}.Release|Win32.ActiveCfg = Release|Win32
		{735F04DA-B210-40A0-BA5A-E58D8896E181}.Release|Win32.Build.0 = Release|Win32
		{735F04DA-B210-40A0-BA5A-E58D8896E181}.Release|x64.ActiveCfg = Release|x64
		{735F04DA-B210-40A0-BA5A-E58D8896E181}.Release|x64.Build.0 = Release|x64
		{735F04DA-B210-40A0-BA5A-E58D8896E181}.Release|x86.ActiveCfg = Release|Win32
		{735F04DA-B210-40A0-BA5A-E58D8896E181}.Release|x86.Build.0 = Release|Win32
		{735F04DA-B210-40A0-BA5A-E58D8896E181}.ReleaseUnicode|Win32.ActiveCfg = ReleaseUnicode|Win32
		{735F04DA-B210-40A0-BA5A-E58D8896E181}.ReleaseUnicode|Win32.Build.0 = ReleaseUnicode|Win32
		{735F04DA-B210-40A0-BA5A-E58D8896E181}.ReleaseUnicode|x64.ActiveCfg = ReleaseUnicode|x64
		{735F04DA-B210-40A0-BA5A-E58D8896E181}.ReleaseUnicode|x64.Build.0 = ReleaseUnicode|x64
		{735F04DA-B210-40A0-BA5A-E58D8896E181}.ReleaseUnicode|x86.ActiveCfg = Release|Win32
		{735F04DA-B210-40A0-BA5A-E58D8896E181}.ReleaseUnicode|x86.Build.0 = Release|Win32
	EndGlobalSection
	GlobalSection(SolutionProperties) = preSolution
		HideSolutionNode = FALSE
	EndGlobalSection
	GlobalSection(ExtensibilityGlobals) = postSolution
		SolutionGuid = {CB569332-A84A-4B4F-8D67-B8BE2C040916}
	EndGlobalSection
EndGlobal
