<?xml version="1.0" encoding="utf-8"?>
<Project ToolsVersion="4.0" xmlns="http://schemas.microsoft.com/developer/msbuild/2003">
  <ItemGroup>
    <ClCompile Include="SQLComponents.cpp">
      <Filter>General</Filter>
    </ClCompile>
    <ClCompile Include="SQLError.cpp">
      <Filter>General</Filter>
    </ClCompile>
    <ClCompile Include="SQLGetExePath.cpp">
      <Filter>General</Filter>
    </ClCompile>
    <ClCompile Include="SQLMessage.cpp">
      <Filter>General</Filter>
    </ClCompile>
    <ClCompile Include="SQLDataType.cpp">
      <Filter>DataTypes</Filter>
    </ClCompile>
    <ClCompile Include="SQLDate.cpp">
      <Filter>DataTypes</Filter>
    </ClCompile>
    <ClCompile Include="SQLGuid.cpp">
      <Filter>DataTypes</Filter>
    </ClCompile>
    <ClCompile Include="SQLInterval.cpp">
      <Filter>DataTypes</Filter>
    </ClCompile>
    <ClCompile Include="SQLTime.cpp">
      <Filter>DataTypes</Filter>
    </ClCompile>
    <ClCompile Include="SQLTimestamp.cpp">
      <Filter>DataTypes</Filter>
    </ClCompile>
    <ClCompile Include="SQLVariant.cpp">
      <Filter>DataTypes</Filter>
    </ClCompile>
    <ClCompile Include="SQLVariantFormat.cpp">
      <Filter>DataTypes</Filter>
    </ClCompile>
    <ClCompile Include="SQLVariantOperator.cpp">
      <Filter>DataTypes</Filter>
    </ClCompile>
    <ClCompile Include="SQLVariantOperatorAdd.cpp">
      <Filter>DataTypes</Filter>
    </ClCompile>
    <ClCompile Include="SQLVariantOperatorDiv.cpp">
      <Filter>DataTypes</Filter>
    </ClCompile>
    <ClCompile Include="SQLVariantOperatorEqual.cpp">
      <Filter>DataTypes</Filter>
    </ClCompile>
    <ClCompile Include="SQLVariantOperatorGreatEqual.cpp">
      <Filter>DataTypes</Filter>
    </ClCompile>
    <ClCompile Include="SQLVariantOperatorGreater.cpp">
      <Filter>DataTypes</Filter>
    </ClCompile>
    <ClCompile Include="SQLVariantOperatorMod.cpp">
      <Filter>DataTypes</Filter>
    </ClCompile>
    <ClCompile Include="SQLVariantOperatorMul.cpp">
      <Filter>DataTypes</Filter>
    </ClCompile>
    <ClCompile Include="SQLVariantOperatorSmallEqual.cpp">
      <Filter>DataTypes</Filter>
    </ClCompile>
    <ClCompile Include="SQLVariantOperatorSmaller.cpp">
      <Filter>DataTypes</Filter>
    </ClCompile>
    <ClCompile Include="SQLVariantOperatorSub.cpp">
      <Filter>DataTypes</Filter>
    </ClCompile>
    <ClCompile Include="SQLVariantTrim.cpp">
      <Filter>DataTypes</Filter>
    </ClCompile>
    <ClCompile Include="BasicExcel.cpp">
      <Filter>Excel</Filter>
    </ClCompile>
    <ClCompile Include="BasicXmlExcel.cpp">
      <Filter>Excel</Filter>
    </ClCompile>
    <ClCompile Include="ExcelFormat.cpp">
      <Filter>Excel</Filter>
    </ClCompile>
    <ClCompile Include="DDLCreateTable.cpp">
      <Filter>Discovery</Filter>
    </ClCompile>
    <ClCompile Include="SQLInfo.cpp">
      <Filter>Discovery</Filter>
    </ClCompile>
    <ClCompile Include="SQLInfoAccess.cpp">
      <Filter>Discovery</Filter>
    </ClCompile>
    <ClCompile Include="SQLInfoDB.cpp">
      <Filter>Discovery</Filter>
    </ClCompile>
    <ClCompile Include="SQLInfoFirebird.cpp">
      <Filter>Discovery</Filter>
    </ClCompile>
    <ClCompile Include="SQLInfoGenericODBC.cpp">
      <Filter>Discovery</Filter>
    </ClCompile>
    <ClCompile Include="SQLInfoInformix.cpp">
      <Filter>Discovery</Filter>
    </ClCompile>
    <ClCompile Include="SQLInfoMariaDB.cpp">
      <Filter>Discovery</Filter>
    </ClCompile>
    <ClCompile Include="SQLInfoMySQL.cpp">
      <Filter>Discovery</Filter>
    </ClCompile>
    <ClCompile Include="SQLInfoOracle.cpp">
      <Filter>Discovery</Filter>
    </ClCompile>
    <ClCompile Include="SQLInfoPostgreSQL.cpp">
      <Filter>Discovery</Filter>
    </ClCompile>
    <ClCompile Include="SQLInfoSQLServer.cpp">
      <Filter>Discovery</Filter>
    </ClCompile>
    <ClCompile Include="SQLConnections.cpp">
      <Filter>Database</Filter>
    </ClCompile>
    <ClCompile Include="SQLDatabase.cpp">
      <Filter>Database</Filter>
    </ClCompile>
    <ClCompile Include="SQLDatabasePool.cpp">
      <Filter>Database</Filter>
    </ClCompile>
    <ClCompile Include="SQLTransaction.cpp">
      <Filter>Database</Filter>
    </ClCompile>
    <ClCompile Include="SQLLanguage.cpp">
      <Filter>Database</Filter>
    </ClCompile>
    <ClCompile Include="stdafx.cpp">
      <Filter>Configuration</Filter>
    </ClCompile>
    <ClCompile Include="SQLDataSetXLS.cpp">
      <Filter>Excel</Filter>
    </ClCompile>
    <ClCompile Include="SQLQuery.cpp">
      <Filter>Query</Filter>
    </ClCompile>
    <ClCompile Include="SQLRecord.cpp">
      <Filter>Query</Filter>
    </ClCompile>
    <ClCompile Include="SQLStatement.cpp">
      <Filter>Query</Filter>
    </ClCompile>
    <ClCompile Include="SQLMutation.cpp">
      <Filter>Query</Filter>
    </ClCompile>
    <ClCompile Include="SQLDriverManager.cpp">
      <Filter>Database</Filter>
    </ClCompile>
    <ClCompile Include="SQLAssociation.cpp">
      <Filter>Query</Filter>
    </ClCompile>
    <ClCompile Include="SQLColumnInfo.cpp">
      <Filter>Query</Filter>
    </ClCompile>
    <ClCompile Include="SQLDataSet.cpp">
      <Filter>Query</Filter>
    </ClCompile>
    <ClCompile Include="SQLFilter.cpp">
      <Filter>Query</Filter>
    </ClCompile>
    <ClCompile Include="SQLPrimaryKey.cpp">
      <Filter>Query</Filter>
    </ClCompile>
  </ItemGroup>
  <ItemGroup>
    <ClInclude Include="BasicExcel.h">
      <Filter>Headers Files</Filter>
    </ClInclude>
    <ClInclude Include="BasicXmlExcel.h">
      <Filter>Headers Files</Filter>
    </ClInclude>
    <ClInclude Include="ExcelFormat.h">
      <Filter>Headers Files</Filter>
    </ClInclude>
    <ClInclude Include="Locker.h">
      <Filter>Headers Files</Filter>
    </ClInclude>
    <ClInclude Include="SQLAssociation.h">
      <Filter>Headers Files</Filter>
    </ClInclude>
    <ClInclude Include="SQLColumnInfo.h">
      <Filter>Headers Files</Filter>
    </ClInclude>
    <ClInclude Include="SQLDatabase.h">
      <Filter>Headers Files</Filter>
    </ClInclude>
    <ClInclude Include="SQLDataSet.h">
      <Filter>Headers Files</Filter>
    </ClInclude>
    <ClInclude Include="SQLDataSetXLS.h">
      <Filter>Headers Files</Filter>
    </ClInclude>
    <ClInclude Include="SQLDate.h">
      <Filter>Headers Files</Filter>
    </ClInclude>
    <ClInclude Include="SQLError.h">
      <Filter>Headers Files</Filter>
    </ClInclude>
    <ClInclude Include="SQLFilter.h">
      <Filter>Headers Files</Filter>
    </ClInclude>
    <ClInclude Include="SQLFormatErrors.h">
      <Filter>Headers Files</Filter>
    </ClInclude>
    <ClInclude Include="SQLInfo.h">
      <Filter>Headers Files</Filter>
    </ClInclude>
    <ClInclude Include="SQLInfoAccess.h">
      <Filter>Headers Files</Filter>
    </ClInclude>
    <ClInclude Include="SQLInfoDB.h">
      <Filter>Headers Files</Filter>
    </ClInclude>
    <ClInclude Include="SQLInfoFirebird.h">
      <Filter>Headers Files</Filter>
    </ClInclude>
    <ClInclude Include="SQLInfoGenericODBC.h">
      <Filter>Headers Files</Filter>
    </ClInclude>
    <ClInclude Include="SQLInfoInformix.h">
      <Filter>Headers Files</Filter>
    </ClInclude>
    <ClInclude Include="SQLInfoOracle.h">
      <Filter>Headers Files</Filter>
    </ClInclude>
    <ClInclude Include="SQLInfoPostgreSQL.h">
      <Filter>Headers Files</Filter>
    </ClInclude>
    <ClInclude Include="SQLInfoSQLServer.h">
      <Filter>Headers Files</Filter>
    </ClInclude>
    <ClInclude Include="SQLInterval.h">
      <Filter>Headers Files</Filter>
    </ClInclude>
    <ClInclude Include="SQLLanguage.h">
      <Filter>Headers Files</Filter>
    </ClInclude>
    <ClInclude Include="SQLMemoryDebug.h">
      <Filter>Headers Files</Filter>
    </ClInclude>
    <ClInclude Include="SQLMutation.h">
      <Filter>Headers Files</Filter>
    </ClInclude>
    <ClInclude Include="SQLQuery.h">
      <Filter>Headers Files</Filter>
    </ClInclude>
    <ClInclude Include="SQLRecord.h">
      <Filter>Headers Files</Filter>
    </ClInclude>
    <ClInclude Include="SQLStatement.h">
      <Filter>Headers Files</Filter>
    </ClInclude>
    <ClInclude Include="SQLTime.h">
      <Filter>Headers Files</Filter>
    </ClInclude>
    <ClInclude Include="SQLTimestamp.h">
      <Filter>Headers Files</Filter>
    </ClInclude>
    <ClInclude Include="SQLTransaction.h">
      <Filter>Headers Files</Filter>
    </ClInclude>
    <ClInclude Include="SQLVariant.h">
      <Filter>Headers Files</Filter>
    </ClInclude>
    <ClInclude Include="SQLVariantFormat.h">
      <Filter>Headers Files</Filter>
    </ClInclude>
    <ClInclude Include="SQLVariantOperator.h">
      <Filter>Headers Files</Filter>
    </ClInclude>
    <ClInclude Include="SQLVariantTrim.h">
      <Filter>Headers Files</Filter>
    </ClInclude>
    <ClInclude Include="SQLWrappers.h">
      <Filter>Headers Files</Filter>
    </ClInclude>
    <ClInclude Include="SQLMetaInfo.h">
      <Filter>Headers Files</Filter>
    </ClInclude>
    <ClInclude Include="DDLCreateTable.h">
      <Filter>Headers Files</Filter>
    </ClInclude>
    <ClInclude Include="SQLInfoMySQL.h">
      <Filter>Headers Files</Filter>
    </ClInclude>
    <ClInclude Include="SQLGuid.h">
      <Filter>Headers Files</Filter>
    </ClInclude>
    <ClInclude Include="SQLConnections.h">
      <Filter>Headers Files</Filter>
    </ClInclude>
    <ClInclude Include="SQLDatabasePool.h">
      <Filter>Headers Files</Filter>
    </ClInclude>
    <ClInclude Include="SQLAutoDBS.h">
      <Filter>Headers Files</Filter>
    </ClInclude>
    <ClInclude Include="SQLOperator.h">
      <Filter>Headers Files</Filter>
    </ClInclude>
    <ClInclude Include="SQLFunction.h">
      <Filter>Headers Files</Filter>
    </ClInclude>
    <ClInclude Include="SQLTimestampExtract.h">
      <Filter>Headers Files</Filter>
    </ClInclude>
    <ClInclude Include="SQLGetExePath.h">
      <Filter>Headers Files</Filter>
    </ClInclude>
    <ClInclude Include="SQLDriverManager.h">
      <Filter>Headers Files</Filter>
    </ClInclude>
    <ClInclude Include="SQLMessage.h">
      <Filter>Headers Files</Filter>
    </ClInclude>
    <ClInclude Include="SQLInfoMariaDB.h">
      <Filter>Headers Files</Filter>
    </ClInclude>
    <ClInclude Include="stdafx.h">
      <Filter>Configuration</Filter>
    </ClInclude>
    <ClInclude Include="targetver.h">
      <Filter>Configuration</Filter>
    </ClInclude>
    <ClInclude Include="framework.h">
      <Filter>Configuration</Filter>
    </ClInclude>
    <ClInclude Include="SQLComponents.h">
      <Filter>Configuration</Filter>
    </ClInclude>
    <ClInclude Include="SQLComponentsVersion.h">
      <Filter>Configuration</Filter>
    </ClInclude>
    <ClInclude Include="SQLPrimaryKey.h">
      <Filter>Headers Files</Filter>
    </ClInclude>
    <ClInclude Include="sqlncli.h">
      <Filter>Headers Files</Filter>
    </ClInclude>
    <ClInclude Include="SQLDataType.h">
      <Filter>Headers Files</Filter>
    </ClInclude>
    <ClInclude Include="SQLParameterType.h">
      <Filter>Headers Files</Filter>
    </ClInclude>
  </ItemGroup>
  <ItemGroup>
    <Filter Include="Headers Files">
      <UniqueIdentifier>{84918292-6484-45b1-977c-889254496c2b}</UniqueIdentifier>
    </Filter>
    <Filter Include="Configuration">
      <UniqueIdentifier>{d5823931-6f9d-4a03-aeb7-743cc224603a}</UniqueIdentifier>
    </Filter>
    <Filter Include="DataTypes">
      <UniqueIdentifier>{45bbfafc-5769-40c0-af07-1d925bce0d2b}</UniqueIdentifier>
    </Filter>
    <Filter Include="Excel">
      <UniqueIdentifier>{708cfe88-9ce1-422d-afe2-01626f671b2e}</UniqueIdentifier>
    </Filter>
    <Filter Include="Discovery">
      <UniqueIdentifier>{6dfa570a-dd5b-4df6-818d-6cf7184e1043}</UniqueIdentifier>
    </Filter>
    <Filter Include="Database">
      <UniqueIdentifier>{0f4befbe-6add-400d-8b30-8210e7798b77}</UniqueIdentifier>
    </Filter>
    <Filter Include="Query">
      <UniqueIdentifier>{65e7460d-ff61-4255-965d-2a2cd97a1b89}</UniqueIdentifier>
    </Filter>
    <Filter Include="General">
      <UniqueIdentifier>{96aed13b-8f63-4469-8c73-5eb097027163}</UniqueIdentifier>
    </Filter>
  </ItemGroup>
</Project>